{"SurveyEntry":{"SurveyID":"SV_07jXmofapKrAyEK","SurveyName":"Client Feedback Survey","SurveyDescription":null,"SurveyOwnerID":"UR_R4dyxZ7zxgt0W0p","SurveyBrandID":"qualtricsxmyvpj79s7w","DivisionID":null,"SurveyLanguage":"EN","SurveyActiveResponseSet":"RS_0NRYUURt7AbmUAu","SurveyStatus":"Active","SurveyStartDate":"0000-00-00 00:00:00","SurveyExpirationDate":"0000-00-00 00:00:00","SurveyCreationDate":"2025-04-10 12:51:36","CreatorID":"UR_R4dyxZ7zxgt0W0p","LastModified":"2025-05-08 17:58:26","LastAccessed":"0000-00-00 00:00:00","LastActivated":"2025-04-10 13:08:37","Deleted":null},"SurveyElements":[{"SurveyID":"SV_07jXmofapKrAyEK","Element":"BL","PrimaryAttribute":"Survey Blocks","SecondaryAttribute":null,"TertiaryAttribute":null,"Payload":{"1":{"BlockElements":[{"Type":"Question","QuestionID":"QID2018"},{"Type":"Question","QuestionID":"QID2019"},{"Type":"Question","QuestionID":"QID2014"},{"Type":"Question","QuestionID":"QID2024"},{"Type":"Question","QuestionID":"QID2021"},{"Type":"Question","QuestionID":"QID2016"},{"Type":"Question","QuestionID":"QID2023"},{"Type":"Question","QuestionID":"QID2025"},{"Type":"Question","QuestionID":"QID2026"},{"Type":"Question","QuestionID":"QID2022"},{"QuestionID":"QID34","Type":"Question"},{"Type":"Question","QuestionID":"QID2013"}],"Description":"Trash \/ Unused Questions","ID":"BL_3guR0F0lGVfF5tj","Type":"Trash","Options":{"BlockLocking":"false","RandomizeQuestions":"false","BlockVisibility":"Collapsed"}},"3":{"BlockElements":[{"Type":"Question","QuestionID":"QID2027"},{"Type":"Question","QuestionID":"QID2020"},{"Type":"Question","QuestionID":"QID2015"}],"Description":"Client Feedback Survey","ID":"BL_7UpkFl85XCAT6Ul","Options":{"BlockLocking":"false","BlockVisibility":"Expanded","RandomizeQuestions":"false"},"SubType":"","Type":"Standard"}}},{"SurveyID":"SV_07jXmofapKrAyEK","Element":"FL","PrimaryAttribute":"Survey Flow","SecondaryAttribute":null,"TertiaryAttribute":null,"Payload":{"Type":"Root","FlowID":"FL_1","Flow":[{"Type":"EmbeddedData","FlowID":"FL_15","EmbeddedData":[{"Description":"Company Name","Type":"Recipient","Field":"Company Name","VariableType":"String","DataVisibility":[],"AnalyzeText":false},{"Description":"Project Title","Type":"Recipient","Field":"Project Title","VariableType":"String","DataVisibility":[],"AnalyzeText":false}]},{"Type":"Standard","ID":"BL_7UpkFl85XCAT6Ul","FlowID":"FL_11","Autofill":[]}],"Properties":{"Count":15}}},{"SurveyID":"SV_07jXmofapKrAyEK","Element":"PL","PrimaryAttribute":"Preview Link","SecondaryAttribute":null,"TertiaryAttribute":null,"Payload":{"PreviewType":"Brand","PreviewID":"04815265-c0cf-4b58-bd59-37fbbe0de786"}},{"SurveyID":"SV_07jXmofapKrAyEK","Element":"PROJ","PrimaryAttribute":"CORE","SecondaryAttribute":null,"TertiaryAttribute":"1.1.0","Payload":{"ProjectCategory":"CORE","SchemaVersion":"1.1.0"}},{"SurveyID":"SV_07jXmofapKrAyEK","Element":"QC","PrimaryAttribute":"Survey Question Count","SecondaryAttribute":"2027","TertiaryAttribute":null,"Payload":null},{"SurveyID":"SV_07jXmofapKrAyEK","Element":"QG","PrimaryAttribute":"QG_Qn7ffU3N7v0bjJs","SecondaryAttribute":"Default Quota Group","TertiaryAttribute":null,"Payload":{"ID":"QG_Qn7ffU3N7v0bjJs","Name":"Default Quota Group","Selected":true,"MultipleMatch":"PlaceInAll","Public":false,"Quotas":[]}},{"SurveyID":"SV_07jXmofapKrAyEK","Element":"QGO","PrimaryAttribute":"QGO_QuotaGroupOrder","SecondaryAttribute":null,"TertiaryAttribute":null,"Payload":["QG_Qn7ffU3N7v0bjJs"]},{"SurveyID":"SV_07jXmofapKrAyEK","Element":"RS","PrimaryAttribute":"RS_0NRYUURt7AbmUAu","SecondaryAttribute":"Default Response Set","TertiaryAttribute":null,"Payload":null},{"SurveyID":"SV_07jXmofapKrAyEK","Element":"SCO","PrimaryAttribute":"Scoring","SecondaryAttribute":null,"TertiaryAttribute":null,"Payload":{"ScoringCategories":[{"ID":"SC_5d5aFOb2ORdzYsS","Name":"Score","Description":""}],"ScoringCategoryGroups":[],"DefaultScoringCategory":"SC_5d5aFOb2ORdzYsS","ScoringSummaryCategory":null,"ScoringSummaryAfterQuestions":0,"ScoringSummaryAfterSurvey":0,"AutoScoringCategory":null}},{"SurveyID":"SV_07jXmofapKrAyEK","Element":"SO","PrimaryAttribute":"Survey Options","SecondaryAttribute":null,"TertiaryAttribute":null,"Payload":{"ActiveResponseSet":null,"AnonymizeResponse":"Yes","Autoadvance":"false","AutoadvancePages":"false","Autofocus":"false","AvailableLanguages":{"EN":[]},"BackButton":"true","BallotBoxStuffingPrevention":"true","CollectGeoLocation":"false","CustomStyles":[],"EOSMessage":"","EOSMessageLibrary":"","EOSRedirectURL":"https:\/\/","EmailThankYou":"false","Footer":"","Header":"","HighlightQuestions":"off","InactiveMessage":"","InactiveMessageLibrary":"","InactiveSurvey":"DefaultMessage","NewScoring":1,"NextButton":" \u2192 ","NoIndex":"Yes","PageTransition":"fade","PartialData":"+1 week","PartialDataCloseAfter":"LastActivity","Password":"","PasswordProtection":"No","PreviousButton":" \u2190 ","ProgressBarDisplay":"None","ProtectSelectionIds":true,"QuestionsPerPage":"","RecaptchaV3":"false","RefererCheck":"No","RefererURL":"http:\/\/","RelevantID":"false","ResponseSummary":"No","SaveAndContinue":"true","SecureResponseFiles":"true","ShowExportTags":"false","Skin":{"brandingId":null,"templateId":"*modern","overrides":{"font":{"family":"tahoma, geneva, sans-serif"}}},"SkinLibrary":"qualtricsxmyvpj79s7w","SkinType":"templated","SurveyExpiration":null,"SurveyLinkCompletedMessage":"","SurveyLinkCompletedMessageLibrary":"","SurveyMetaDescription":"Thank you for participating in the iConsultancy Experiential Learning Program.\nWe're committed to ensuring that both students and partner organizations have a meaningful and high-quality experience. To help us continuously improve, we\u2019d appreciate your feedback on your most recent interaction with the student team working on your project.\n\nThroughout the semester, your responses will be reviewed by the iConsultancy team and the instructional staff supporting the students. Your input plays a vital role in guiding their development and enhancing the program.","SurveyProtection":"PublicSurvey","SurveyTermination":"DefaultMessage","SurveyTitle":"Client Project Team Feedback Survey","ThankYouEmailMessage":null,"ThankYouEmailMessageLibrary":null,"UseCustomSurveyLinkCompletedMessage":null,"ValidateMessage":"false","ValidationMessage":null,"ValidationMessageLibrary":null,"footerMid":"","headerMid":"","libraryId":"","nextButtonMid":"","previousButtonMid":"","SurveyName":"Client Feedback Survey","PartialDeletion":null}},{"SurveyID":"SV_07jXmofapKrAyEK","Element":"SQ","PrimaryAttribute":"QID2013","SecondaryAttribute":"Please provide your email address.","TertiaryAttribute":null,"Payload":{"QuestionText":"Please provide your email address.","DefaultChoices":false,"DataExportTag":"Q4","QuestionType":"TE","Selector":"ML","DataVisibility":{"Private":false,"Hidden":false},"Configuration":{"QuestionDescriptionOption":"UseText"},"QuestionDescription":"Please provide your email address.","Validation":{"Settings":{"ForceResponse":"ON","ForceResponseType":"ON","Type":"None"}},"GradingData":[],"Language":{"DE":{"QuestionText":"Als F\u00fchrungskraft bin ich bestrebt, meinem Team das beste Umfeld zu bieten und jeden einzelnen Mitarbeiter zu unterst\u00fctzen. Diese Umfrage ist Ihre Chance, mir Feedback dazu zu geben, was mir bei der Schaffung eines solchen Umfelds gut gelingt und wo Verbesserungspotenzial besteht.&nbsp;<div><br><\/div><div>Bevor Sie beginnen, hier einige Orientierungshilfen: Diese Umfrage sollte nicht l\u00e4nger als 3 bis 5 Minuten in Anspruch nehmen. Ich w\u00fcrde es begr\u00fc\u00dfen, wenn Sie sich etwas Zeit nehmen, um sie in einer Sitzung abzuschlie\u00dfen. Damit dieses Feedback n\u00fctzlich ist, muss es ehrlich sein. Ich m\u00f6chte, dass Sie sich wohl dabei f\u00fchlen, Ihre Ansichten zu \u00e4u\u00dfern. Daher sind alle Daten anonym.&nbsp;<\/div><div><br><\/div><div>Ich m\u00f6chte, dass Sie sich dar\u00fcber im Klaren sind, dass diese Umfrage zwei Freitextfragen enth\u00e4lt. Denken Sie also daran, dass Ihre Antworten auf diese Fragen nicht gefiltert werden. Seien Sie daher vorsichtig und geben Sie pers\u00f6nliche oder personenbezogene Daten nur dann an, wenn dies f\u00fcr Ihre Antwort wichtig ist.&nbsp;<\/div><div><br><\/div><div>Ich bin auf die Sichtweisen des Teams gespannt. Vielen Dank im Voraus f\u00fcr Ihr Feedback.&nbsp;<\/div><div><br><\/div><div>Bitte klicken Sie unten, um anzufangen!<\/div>"},"EN-GB":{"QuestionText":"<p>As a leader, I\u2019m committed to providing the best environment for my team and to enable each and every one of you. This survey is your chance to provide me with some feedback on what I\u2019m doing well in creating that environment, and where I can make improvements.<\/p><p><br><\/p><p>Before you start, a few quick guidelines. This survey should take you no more than 3-5 minutes to complete, and I'd prefer that you set aside some time to complete it in one sitting. In order for this feedback to be useful it has to be honest - I want you to feel comfortable in giving your views, so all data will be anonymous.<\/p>\n\n<p>&nbsp;<\/p>\n\n<p>I do want you to be aware that there will be two open-ended questions in this survey so please remember your responses to these questions won\u2019t be filtered. Therefore, please be cautious and provide personal or identifiable data only if it\u2019s important in your response.<\/p><p><br><\/p><p>I\u2019m excited to hear the team\u2019s views! Thank you in advance for your feedback.<\/p><p><br><\/p><p>Click below to get started!<\/p>"},"ES":{"QuestionText":"Como l\u00edder, estoy comprometido a brindar el mejor entorno para mi equipo y a capacitar a todos. Esta encuesta es su oportunidad de expresar sus opiniones respecto a lo que estoy haciendo bien en la creaci\u00f3n de ese entorno y qu\u00e9 aspectos puedo mejorar.&nbsp;<div><br><\/div><div>Antes de comenzar, repasemos brevemente algunas pautas. No deber\u00eda tardar m\u00e1s de 3-5&nbsp;minutos en completar esta encuesta, y preferir\u00eda que se reservara un tiempo para completarla de una sola vez. Para que sus opiniones sean \u00fatiles, debe ser honesto: quiero que se sienta c\u00f3modo al compartir sus puntos de vista, motivo por el cual todos los datos ser\u00e1n an\u00f3nimos.&nbsp;<div><br><\/div><div>Quiero que sepa que habr\u00e1 dos preguntas abiertas en esta encuesta, as\u00ed que recuerde que sus respuestas a estas preguntas no se filtrar\u00e1n. Por lo tanto, preste atenci\u00f3n y proporcione datos personales o de identificaci\u00f3n \u00fanicamente si son fundamentales para su respuesta.&nbsp;<div><br><\/div><div>\u00a1Estoy entusiasmado con la idea de recibir los comentarios del equipo! Desde ya le agradecemos que nos brinde su opini\u00f3n.&nbsp;<div><br><\/div><div>\u00a1Haga clic abajo para comenzar!<\/div><\/div><\/div><\/div>"},"ES-ES":{"QuestionText":"Como l\u00edder, estoy comprometido a ofrecer el mejor entorno para mi equipo y a capacitarlos a todos ustedes. Con esta encuesta puede proporcionarme su opini\u00f3n sobre qu\u00e9 hago bien en la creaci\u00f3n de ese entorno y en qu\u00e9 puedo mejorar.&nbsp;<div><br><\/div><div>Antes de comenzar, unas breves instrucciones. Esta encuesta no le llevar\u00e1 m\u00e1s de 3-5&nbsp;minutos, y ser\u00eda preferible que se reservara un tiempo para realizarla de una vez. Para que su opini\u00f3n sea \u00fatil, debe ser sincero: quiero que se sienta c\u00f3modo dando sus puntos de vista, de modo que todos los datos ser\u00e1n an\u00f3nimos.&nbsp;<div><br><\/div><div>Quiero que sepa que habr\u00e1 dos preguntas abiertas en esta encuesta, as\u00ed que recuerde que no se filtrar\u00e1n sus respuestas a dichas preguntas. Por lo tanto, tenga cuidado y proporcione en su respuesta datos personales o identificables solo si son importantes.&nbsp;<div><br><\/div><div>Estoy deseando escuchar los comentarios del equipo! Gracias de antemano por dar su opini\u00f3n.&nbsp;<div><br><\/div><div>Haga clic a continuaci\u00f3n para comenzar.<\/div><\/div><\/div><\/div>"},"FI":{"QuestionText":"Johtajana olen sitoutunut tarjoamaan parhaan ymp\u00e4rist\u00f6n tiimilleni ja antamaan mahdollisuuden jokaiselle teist\u00e4. T\u00e4m\u00e4 kysely on sinun tilaisuutesi antaa minulle palautetta siit\u00e4, mit\u00e4 teen hyvin ja miss\u00e4 voin tehd\u00e4 parannuksia.&nbsp;<div><br><\/div><div>Ennen aloittamista muutama nopea ohje. T\u00e4m\u00e4n kyselyn pit\u00e4isi kest\u00e4\u00e4 enint\u00e4\u00e4n 3\u20135 minuuttia, ja varaa mieluiten jonkin aikaa suorittaaksesi sen yhdelt\u00e4 istumalta. Jotta t\u00e4m\u00e4 palaute olisi hy\u00f6dyllist\u00e4, sen on oltava rehellist\u00e4 - haluan sinun tuntevan olosi mukavaksi antaessasi n\u00e4kemyksesi, joten kaikki tiedot ovat nimett\u00f6mi\u00e4.&nbsp;<div><br><\/div><div>Tutkimuksessa on kaksi avointa kysymyst\u00e4, joten muista, ett\u00e4 vastauksiasi n\u00e4ihin kysymyksiin ei suodateta. Siksi ole varovainen ja anna henkil\u00f6kohtaisia tai tunnistettavia tietoja vain, jos se on t\u00e4rke\u00e4 vastauksessasi.&nbsp;<div><br><\/div><div>Olen innoissani kuullaksesi tiimin n\u00e4kemykset! Kiitos jo etuk\u00e4teen palautteestasi.&nbsp;<div><br><\/div><div>Napsauta alla aloittaaksesi!<\/div><\/div><\/div><\/div>"},"FR":{"QuestionText":"En tant que manager, je m'engage \u00e0 fournir le meilleur environnement pour mon \u00e9quipe et \u00e0 faciliter le travail de chacun d'entre vous. Cette enqu\u00eate vous permet de me fournir des commentaires sur ce que je fais bien dans la cr\u00e9ation de cet environnement et sur les points \u00e0 am\u00e9liorer.&nbsp;<div><br><\/div><div>Avant de commencer, quelques conseils rapides. Cette enqu\u00eate ne devrait pas vous prendre plus de 3 \u00e0 5 minutes, et je pr\u00e9f\u00e9rerais que vous r\u00e9serviez du temps pour le terminer en une seule s\u00e9ance. Pour que ces commentaires soient utiles, ils doivent \u00eatre honn\u00eates - je veux que vous vous sentiez \u00e0 l'aise de donner votre avis, donc toutes les donn\u00e9es seront anonymes.&nbsp;<div><br><\/div><div>Je veux que vous sachiez qu'il y aura deux questions ouvertes dans cette enqu\u00eate, alors n'oubliez pas que vos r\u00e9ponses \u00e0 ces questions ne seront pas filtr\u00e9es. Par cons\u00e9quent, soyez prudent et ne fournissez des donn\u00e9es personnelles ou identifiables que si elles sont importantes dans votre r\u00e9ponse.&nbsp;<div><br><\/div><div>J'ai h\u00e2te d'entendre le point de vue de l'\u00e9quipe! Merci d'avance pour vos retours.&nbsp;<div><br><\/div><div>Cliquez ci-dessous pour commencer!<\/div><\/div><\/div><\/div>"},"IT":{"QuestionText":"Come leader, mi impegno a fornire il miglior ambiente per il mio team e a rendere responsabile ognuno di voi. Questo sondaggio \u00e8 la tua occasione per fornirmi un feedback su ci\u00f2 che sto facendo bene nel creare un simile ambiente e sui punti in cui posso apportare miglioramenti.&nbsp;<div><br><\/div><div>Prima di iniziare, ecco alcune rapide linee guida. Il completamento di questo sondaggio non dovrebbe richiedere pi\u00f9 di 3-5 minuti e preferirei che dedicassi del tempo per completarlo in una sola seduta. Affinch\u00e9 questo feedback sia utile, deve essere onesto: voglio che tu ti senta a tuo agio nell'esprimere le tue opinioni, quindi tutti i dati saranno anonimi.&nbsp;<div><br><\/div><div>Voglio che tu sappia che in questo sondaggio ci saranno due domande a risposta aperta, quindi ricorda che le tue risposte a quelle domande non saranno filtrate. Pertanto fai attenzione e fornisci i tuoi dati personali o di identificazione solo se sono importanti per la tua risposta.&nbsp;<div><br><\/div><div>Sono entusiasta di ascoltare le opinioni del team! Grazie in anticipo per il tuo feedback.&nbsp;<div><br><\/div><div>Fai clic qui sotto per iniziare!<\/div><\/div><\/div><\/div>"},"JA":{"QuestionText":"\u30ea\u30fc\u30c0\u30fc\u3068\u3057\u3066\u3001\u79c1\u306f\u3001\u90e8\u4e0b\u306e\u30c1\u30fc\u30e0\u306b\u6700\u9069\u306a\u74b0\u5883\u3092\u63d0\u4f9b\u3057\u3001\u4e00\u4eba\u4e00\u4eba\u304c\u80fd\u529b\u3092\u767a\u63ee\u3067\u304d\u308b\u3088\u3046\u5c3d\u529b\u3057\u3066\u3044\u307e\u3059\u3002\u3053\u306e\u30a2\u30f3\u30b1\u30fc\u30c8\u306f\u3001\u79c1\u304c\u305d\u306e\u74b0\u5883\u3092\u4f5c\u308b\u4e0a\u3067\u3046\u307e\u304f\u3084\u3063\u3066\u3044\u308b\u3053\u3068\u3001\u307e\u305f\u3001\u6539\u5584\u3059\u3079\u304d\u70b9\u306f\u3069\u3053\u304b\u306b\u3064\u3044\u3066\u3001\u610f\u898b\u3092\u8ff0\u3079\u308b\u7d76\u597d\u306e\u6a5f\u4f1a\u3067\u3059\u3002<div><br><\/div><div>\u59cb\u3081\u308b\u524d\u306b\u3001\u3044\u304f\u3064\u304b\u306e\u7c21\u5358\u306a\u30ac\u30a4\u30c9\u30e9\u30a4\u30f3\u3092\u793a\u3057\u3066\u304a\u304d\u307e\u3059\u3002\u3053\u306e\u30a2\u30f3\u30b1\u30fc\u30c8\u306e\u6240\u8981\u6642\u9593\u306f3\u301c5\u5206\u307b\u3069\u3067\u3059\u30021\u56de\u3067\u5b8c\u4e86\u3067\u304d\u308b\u3088\u3046\u306b\u5341\u5206\u306a\u6642\u9593\u3092\u78ba\u4fdd\u3057\u3066\u304a\u304f\u3088\u3046\u304a\u52e7\u3081\u3057\u307e\u3059\u3002\u3053\u306e\u30d5\u30a3\u30fc\u30c9\u30d0\u30c3\u30af\u3092\u6709\u76ca\u306a\u3082\u306e\u3068\u3059\u308b\u306b\u306f\u3001\u6b63\u76f4\u306b\u56de\u7b54\u3059\u308b\u5fc5\u8981\u304c\u3042\u308a\u307e\u3059\u3002\u5b89\u5fc3\u3057\u3066\u7387\u76f4\u306a\u3054\u610f\u898b\u3092\u304a\u5bc4\u305b\u3067\u304d\u308b\u3088\u3046\u3001\u3059\u3079\u3066\u306e\u30c7\u30fc\u30bf\u304c\u533f\u540d\u306b\u306a\u3063\u3066\u3044\u307e\u3059\u3002<\/div><div><br><\/div><div>\u3053\u306e\u30a2\u30f3\u30b1\u30fc\u30c8\u306b\u306f\u81ea\u7531\u56de\u7b54\u5f62\u5f0f\u306e\u8cea\u554f\u304c2\u3064\u3042\u308a\u307e\u3059\u304c\u3001\u3053\u308c\u3089\u306e\u8cea\u554f\u306b\u5bfe\u3059\u308b\u56de\u7b54\u306f\u30d5\u30a3\u30eb\u30bf\u30ea\u30f3\u30b0\u3055\u308c\u306a\u3044\u3053\u3068\u306b\u3054\u6ce8\u610f\u304f\u3060\u3055\u3044\u3002\u3057\u305f\u304c\u3063\u3066\u3001\u56de\u7b54\u306b\u3068\u3063\u3066\u91cd\u8981\u306a\u5834\u5408\u306b\u306e\u307f\u3001\u614e\u91cd\u306b\u500b\u4eba\u60c5\u5831\u3084\u8b58\u5225\u53ef\u80fd\u306a\u30c7\u30fc\u30bf\u3092\u8a18\u5165\u3057\u3066\u304f\u3060\u3055\u3044\u3002<\/div><div><br><\/div><div>\u30c1\u30fc\u30e0\u306e\u7686\u3055\u3093\u304b\u3089\u306e\u3054\u610f\u898b\u3092\u697d\u3057\u307f\u306b\u3057\u3066\u3044\u307e\u3059\uff01\u30d5\u30a3\u30fc\u30c9\u30d0\u30c3\u30af\u3092\u3088\u308d\u3057\u304f\u304a\u9858\u3044\u3057\u307e\u3059\u3002<\/div><div><br><\/div><div>\u958b\u59cb\u3059\u308b\u306b\u306f\u3001\u4e0b\u3092\u30af\u30ea\u30c3\u30af\u3057\u3066\u304f\u3060\u3055\u3044\uff01<\/div>"},"KO":{"QuestionText":"\ub9ac\ub354\ub85c\uc11c \uc800\ub294 \ud300\uc5d0 \ucd5c\uc0c1\uc758 \ud658\uacbd\uc744 \uc81c\uacf5\ud558\uace0 \uac01\uc790\ub97c \uac00\ub2a5\ud558\uac8c\ud558\uae30 \uc704\ud574 \ub178\ub825\ud558\uace0 \uc788\uc2b5\ub2c8\ub2e4. \uc774 \uc124\ubb38 \uc870\uc0ac\ub97c \ud1b5\ud574 \ud574\ub2f9 \ud658\uacbd\uc744 \ub9cc\ub4dc\ub294 \ub370 \uc798 \uc218\ud589\ud558\uace0 \uc788\ub294 \ubd80\ubd84\uacfc \uac1c\uc120\ud560 \uc218 \uc788\ub294 \ubd80\ubd84\uc5d0 \ub300\ud55c \ud53c\ub4dc\ubc31\uc744 \uc81c\uacf5\ud560 \uc218 \uc788\uc2b5\ub2c8\ub2e4.&nbsp;<div><br><\/div><div>\uc2dc\uc791\ud558\uae30 \uc804\uc5d0 \uba87 \uac00\uc9c0 \uac04\ub2e8\ud55c \uc9c0\uce68\uc774 \uc788\uc2b5\ub2c8\ub2e4. \uc774 \uc124\ubb38 \uc870\uc0ac\ub294 \uc644\ub8cc\ud558\ub294 \ub370 3-5 \ubd84 \uc774\uc0c1 \uac78\ub9ac\uc9c0 \uc54a\uc73c\uba70, \ud55c \ubc88\uc5d0 \uc644\ub8cc\ud560 \uc2dc\uac04\uc744 \ub530\ub85c \uc124\uc815\ud558\uc2dc\uae30 \ubc14\ub78d\ub2c8\ub2e4. \uc774 \ud53c\ub4dc\ubc31\uc744 \uc720\uc6a9\ud558\uac8c \uc0ac\uc6a9\ud558\ub824\uba74 \uc815\uc9c1\ud574\uc57c \ud569\ub2c8\ub2e4. \uacac\ud574\ub97c \ub098\ud0c0\ub0b4\ub294 \ub370 \ud3b8\ud558\uac8c \ub290\uaf08\uc73c\uba74 \uc88b\uaca0\uc2b5\ub2c8\ub2e4. \ubaa8\ub4e0 \ub370\uc774\ud130\uac00 \uc775\uba85\uc73c\ub85c \ucc98\ub9ac\ub429\ub2c8\ub2e4.&nbsp;<div><br><\/div><div>\uc774 \uc124\ubb38 \uc870\uc0ac\uc5d0\ub294 \ub450 \uac1c\uc758 \uac1c\ubc29\ud615 \uc9c8\ubb38\uc774 \uc788\uc744 \uac83\uc774\ubbc0\ub85c \uc774\ub7ec\ud55c \uc9c8\ubb38\uc5d0 \ub300\ud55c \ub2f5\ubcc0\uc740 \ud544\ud130\ub9c1\ub418\uc9c0 \uc54a\uc2b5\ub2c8\ub2e4. \ub530\ub77c\uc11c \uadc0\ud558\uc758 \ub2f5\ubcc0\uc5d0 \uc911\uc694\ud55c \uacbd\uc6b0\uc5d0\ub9cc \uac1c\uc778 \uc815\ubcf4 \ub610\ub294 \uc2dd\ubcc4 \uac00\ub2a5\ud55c \ub370\uc774\ud130\ub97c \uc81c\uacf5\ud558\uc2ed\uc2dc\uc624.&nbsp;<div><br><\/div><div>\ud300\uc758 \uc758\uacac\uc744 \ub4e3\uac8c \ub418\uc5b4 \uae30\uc069\ub2c8\ub2e4! \uc758\uacac\uc744 \ubcf4\ub0b4 \uc8fc\uc154\uc11c \uac10\uc0ac\ud569\ub2c8\ub2e4.&nbsp;<div><br><\/div><div>\uc2dc\uc791\ud558\ub824\uba74 \uc544\ub798\ub97c \ud074\ub9ad\ud558\uc2ed\uc2dc\uc624!<\/div><\/div><\/div><\/div>"},"NL":{"QuestionText":"Als leider zet ik mij in om de beste omgeving voor mijn team te bieden en iedereen in staat te stellen zijn of haar werk te doen. Deze enqu\u00eate is uw kans om mij feedback te geven over wat ik hierbij goed doe en waar ruimte is voor verbetering.&nbsp;<div><br><\/div><div>Enkele snelle richtlijnen voor u begint. Het invullen van deze enqu\u00eate zou niet meer dan 3-5 minuten in beslag moeten nemen en bij voorkeur maakt u tijd vrij om dit in \u00e9\u00e9n keer te doen. Feedback is alleen nuttig als deze eerlijk is: ik wil dat u uw mening zonder zorgen kunt geven, dus alle gegevens zijn anoniem.&nbsp;<div><br><\/div><div>Weet dat er in deze enqu\u00eate twee open vragen zullen zijn en dat uw antwoorden op deze vragen niet worden gefilterd. Wees daarom voorzichtig en verstrek alleen persoonlijke of identificeerbare gegevens als dit belangrijk is in uw reactie.&nbsp;<div><br><\/div><div>Ik ben benieuwd naar de meningen van het team! Bij voorbaat dank voor uw feedback.&nbsp;<div><br><\/div><div>Klik hieronder om te beginnen.<\/div><\/div><\/div><\/div>"},"PT":{"QuestionText":"Como l\u00edder, estou empenhado em proporcionar o melhor ambiente \u00e0 minha equipa e capacitar cada um de voc\u00eas. Este inqu\u00e9rito \u00e9 a sua oportunidade de me dar algum feedback sobre o que estou a fazer bem na cria\u00e7\u00e3o desse ambiente e onde posso fazer melhorias.&nbsp;<div><br><\/div><div>Antes de come\u00e7ar, algumas orienta\u00e7\u00f5es r\u00e1pidas. N\u00e3o deve demorar mais do que 3-5 minutos a concluir este inqu\u00e9rito, e prefiro que dedique algum tempo a conclu\u00ed-lo de uma s\u00f3 vez. Para que esse feedback seja \u00fatil, \u00e9 preciso ser honesto. Quero que se sinta \u00e0 vontade para dar a sua opini\u00e3o e, portanto, todos os dados ser\u00e3o an\u00f3nimos.&nbsp;<\/div><div><br><\/div><div>Quero que esteja ciente de que haver\u00e1 duas perguntas abertas neste inqu\u00e9rito. Lembre-se de que as suas respostas a essas perguntas n\u00e3o ser\u00e3o filtradas. Portanto, seja cauteloso e forne\u00e7a dados pessoais ou identific\u00e1veis apenas se forem importantes na sua resposta.&nbsp;<div><div><br><\/div><div>Estou animado em ouvir as opini\u00f5es da equipa! Agrade\u00e7o antecipadamente o seu feedback.&nbsp;<div><br><\/div><div>Clique abaixo para come\u00e7ar!<\/div><\/div><\/div><\/div>"},"PT-BR":{"QuestionText":"Como l\u00edder, tenho o compromisso de fornecer o melhor ambiente para minha equipe e capacitar cada um de voc\u00eas. Esta pesquisa \u00e9 sua chance de fornecer um feedback sobre o que estou fazendo bem na cria\u00e7\u00e3o desse ambiente e onde posso fazer melhorias.&nbsp;<div><br><\/div><div>Antes de come\u00e7ar, algumas orienta\u00e7\u00f5es r\u00e1pidas. Esta pesquisa n\u00e3o deve demorar mais que 3-5 minutos para ser conclu\u00edda, e eu prefiro que reserve um tempo para conclu\u00ed-la de uma s\u00f3 vez. Para que esse feedback seja \u00fatil, \u00e9 preciso ser honesto. Quero que voc\u00ea se sinta \u00e0 vontade para dar suas opini\u00f5es, para que todos os dados sejam an\u00f4nimos.&nbsp;<div><br><\/div><div>Quero que voc\u00ea esteja ciente de que haver\u00e1 duas perguntas em aberto nesta pesquisa. Lembre-se de que suas respostas a essas perguntas n\u00e3o ser\u00e3o filtradas. Portanto, seja cauteloso e forne\u00e7a dados pessoais ou identific\u00e1veis apenas se forem importantes em sua resposta.&nbsp;<div><br><\/div><div>Estou animado para ouvir as opini\u00f5es da equipe! Agradecemos antecipadamente seu feedback.&nbsp;<div><br><\/div><div>Clique abaixo para come\u00e7ar!<\/div><\/div><\/div><\/div>"},"ZH-S":{"QuestionText":"\u4f5c\u4e3a\u9886\u5bfc\u4eba\uff0c\u6211\u81f4\u529b\u4e8e\u4e3a\u6211\u7684\u56e2\u961f\u63d0\u4f9b\u6700\u597d\u7684\u73af\u5883\uff0c\u5e76\u4e3a\u4f60\u4eec\u6bcf\u4e00\u4e2a\u4eba\u63d0\u4f9b\u652f\u6301\u3002\u4f60\u4eec\u53ef\u4ee5\u5229\u7528\u6b64\u6b21\u8c03\u67e5\u5411\u6211\u63d0\u4f9b\u53cd\u9988\u610f\u89c1\uff0c\u5e2e\u52a9\u6211\u4e86\u89e3\u6211\u5728\u8425\u9020\u8be5\u73af\u5883\u65f6\u505a\u5f97\u597d\u7684\u5730\u65b9\uff0c\u4ee5\u53ca\u6709\u5f85\u6539\u8fdb\u7684\u5730\u65b9\u3002<div><br><\/div><div>\u5f00\u59cb\u4e4b\u524d\uff0c\u8bf7\u7559\u610f\u51e0\u6761\u7b80\u5355\u7684\u51c6\u5219\u3002\u8fd9\u9879\u8c03\u67e5\u6700\u591a\u53ea\u9700\u8981 3-5 \u5206\u949f\u5373\u53ef\u5b8c\u6210\uff0c\u6211\u5efa\u8bae\u60a8\u62bd\u51fa\u65f6\u95f4\u4e00\u6b21\u6027\u5b8c\u6210\u3002\u4e3a\u4e86\u4fdd\u8bc1\u6b64\u53cd\u9988\u610f\u89c1\u6709\u7528\uff0c\u8bf7\u52a1\u5fc5\u8bda\u5b9e\u56de\u7b54\u3002\u6211\u5e0c\u671b\u5927\u5bb6\u80fd\u5766\u7136\u5730\u53d1\u8868\u81ea\u5df1\u7684\u770b\u6cd5\uff0c\u56e0\u6b64\u6240\u6709\u6570\u636e\u90fd\u5c06\u4fdd\u6301\u533f\u540d\u3002<div><br><\/div><div>\u6211\u60f3\u63d0\u9192\u5927\u5bb6\uff0c\u6b64\u8c03\u67e5\u4e2d\u6709\u4e24\u4e2a\u5f00\u653e\u5f0f\u95ee\u9898\uff0c\u8bf7\u8bb0\u4f4f\uff0c\u6211\u4eec\u4e0d\u4f1a\u5bf9\u8fd9\u4e9b\u95ee\u9898\u7684\u56de\u7b54\u8fdb\u884c\u7b5b\u9009\u3002\u56e0\u6b64\uff0c\u8bf7\u8c28\u614e\u8003\u8651\uff0c\u5e76\u4e14\u4ec5\u5728\u5fc5\u8981\u65f6\u518d\u5728\u56de\u7b54\u4e2d\u63d0\u4f9b\u4e2a\u4eba\u6570\u636e\u6216\u53ef\u8bc6\u522b\u8eab\u4efd\u7684\u6570\u636e\u3002<div><br><\/div><div>\u6211\u5f88\u9ad8\u5174\u542c\u53d6\u56e2\u961f\u7684\u53cd\u9988\u610f\u89c1\uff01\u9884\u5148\u611f\u8c22\u5927\u5bb6\u7684\u53cd\u9988\u3002<div><br><\/div><div>\u8bf7\u70b9\u51fb\u4e0b\u9762\u5f00\u59cb\uff01<\/div><\/div><\/div><\/div>"},"ZH-T":{"QuestionText":"\u4f5c\u70ba\u9818\u5c0e\u8005\uff0c\u6211\u81f4\u529b\u65bc\u70ba\u5718\u968a\u63d0\u4f9b\u6700\u512a\u7684\u74b0\u5883\uff0c\u8b93\u5718\u968a\u4e2d\u7684\u6bcf\u500b\u4eba\u90fd\u767c\u63ee\u4f5c\u7528\u3002\u85c9\u7531\u6b64\u8abf\u67e5\uff0c\u60a8\u5c07\u6709\u6a5f\u6703\u91dd\u5c0d\u6211\u5011\u5728\u5efa\u7acb\u8a72\u74b0\u5883\u7684\u904e\u7a0b\u4e2d\u8868\u73fe\u826f\u597d\u7684\u74b0\u7bc0\u4ee5\u53ca\u53ef\u4ee5\u6539\u9032\u7684\u74b0\u7bc0\u5411\u6211\u63d0\u4f9b\u4e00\u4e9b\u610f\u898b\u53cd\u994b\u3002<div><br><\/div><div>\u5728\u60a8\u958b\u59cb\u4e4b\u524d\uff0c\u8acb\u77ad\u89e3\u4e00\u4e9b\u5feb\u901f\u6307\u5c0e\u539f\u5247\u3002\u5b8c\u6210\u6b64\u8abf\u67e5\u4e0d\u6703\u8d85\u904e 3-5 \u5206\u9418\uff0c\u6211\u66f4\u5e0c\u671b\u60a8\u80fd\u62bd\u51fa\u4e00\u9ede\u6642\u9593\u4e00\u6b21\u6027\u5b8c\u6210\u3002\u6b64\u610f\u898b\u53cd\u994b\u82e5\u8981\u6709\u6240\u52a9\u76ca\uff0c\u5fc5\u9808\u8aa0\u5be6\u5766\u7387\uff0c\u5e0c\u671b\u60a8\u5728\u63d0\u4f9b\u81ea\u5df1\u7684\u60f3\u6cd5\u6642\u8f15\u9b06\u81ea\u5728\uff0c\u56e0\u6b64\u6240\u6709\u8cc7\u6599\u90fd\u662f\u533f\u540d\u7684\u3002<div><br><\/div><div>\u5e0c\u671b\u60a8\u6ce8\u610f\uff0c\u6b64\u8abf\u67e5\u4e2d\u5c07\u6709\u5169\u500b\u958b\u653e\u5f0f\u554f\u984c\uff0c\u8acb\u8a18\u4f4f\u4e0d\u6703\u7be9\u9078\u60a8\u5c0d\u9019\u4e9b\u554f\u984c\u7684\u56de\u61c9\u3002\u56e0\u6b64\uff0c\u8acb\u8b39\u614e\u5c0d\u5f85\uff0c\u53ea\u6709\u5728\u500b\u4eba\u8cc7\u6599\u6216\u6642\u5019\u53ef\u8b58\u5225\u8cc7\u6599\u5728\u60a8\u7684\u56de\u61c9\u4e2d\u5f88\u91cd\u8981\u6642\u624d\u63d0\u4f9b\u9019\u4e9b\u8cc7\u6599\u3002<div><br><\/div><div>\u6211\u5f88\u9ad8\u8208\u807d\u5230\u5718\u968a\u7684\u60f3\u6cd5\uff01\u5728\u6b64\u5148\u611f\u8b1d\u60a8\u63d0\u4f9b\u610f\u898b\u53cd\u994b\u3002<div><br><\/div><div>\u5728\u4e0b\u65b9\u6309\u4e00\u4e0b\u4ee5\u958b\u59cb\uff01<\/div><\/div><\/div><\/div>"}},"NextChoiceId":4,"NextAnswerId":1,"SearchSource":{"AllowFreeResponse":"false"},"QuestionID":"QID2013"}},{"SurveyID":"SV_07jXmofapKrAyEK","Element":"SQ","PrimaryAttribute":"QID2014","SecondaryAttribute":"Overall, how satisfied are you with the communication from the project team?","TertiaryAttribute":null,"Payload":{"ChoiceOrder":[1,2,3,4,5,6,7],"Choices":{"1":{"Display":"Extremely satisfied"},"2":{"Display":"Moderately satisfied"},"3":{"Display":"Slightly satisfied"},"4":{"Display":"Neither satisfied nor dissatisfied"},"5":{"Display":"Slightly dissatisfied"},"6":{"Display":"Moderately dissatisfied"},"7":{"Display":"Extremely dissatisfied"}},"Configuration":{"QuestionDescriptionOption":"UseText","LabelPosition":"BELOW","NumColumns":2},"DataExportTag":"Q4","Language":[],"QuestionDescription":"Overall, how satisfied are you with the communication from the project team?","QuestionID":"QID2014","QuestionText":"Overall, how satisfied are you with the communication from the project team?","QuestionText_Unsafe":"Overall, how satisfied or dissatisfied are you with our company?&nbsp;","QuestionType":"MC","Selector":"SAVR","Validation":{"Settings":{"ForceResponse":"ON","ForceResponseType":"ON","Type":"None"}},"VariableNaming":{"1":"extremely satisfied","2":"moderately satisfied","3":"slightly satisfied","4":"neither satisfied nor dissatisfied","5":"slightly dissatisfied","6":"moderately dissatisfied","7":"extremely dissatisfied"},"DataVisibility":{"Private":false,"Hidden":false},"NextChoiceId":8,"NextAnswerId":1,"GradingData":[],"SubSelector":"TX"}},{"SurveyID":"SV_07jXmofapKrAyEK","Element":"SQ","PrimaryAttribute":"QID2015","SecondaryAttribute":"Please share any additional comments or feedback regarding the project team's performance on your...","TertiaryAttribute":null,"Payload":{"Configuration":{"QuestionDescriptionOption":"UseText"},"DataExportTag":"Comments","DefaultChoices":false,"GradingData":[],"Language":[],"QuestionDescription":"Please share any additional comments or feedback regarding the project team's performance on your...","QuestionID":"QID2015","QuestionText":"Please share any additional comments or feedback regarding the project team's performance on your most recent interaction.","QuestionText_Unsafe":"Please share any additional comments or feedback regarding our products or services in the space provided below.","QuestionType":"TE","Selector":"ML","Validation":{"Settings":{"ForceResponse":"OFF","ForceResponseType":"ON","Type":"None"}},"DataVisibility":{"Private":false,"Hidden":false},"NextChoiceId":1,"NextAnswerId":1,"SearchSource":{"AllowFreeResponse":"false"}}},{"SurveyID":"SV_07jXmofapKrAyEK","Element":"SQ","PrimaryAttribute":"QID2016","SecondaryAttribute":"Overall, how satisfied are you with the communication from the project team?","TertiaryAttribute":null,"Payload":{"QuestionText":"Overall, how satisfied are you with the communication from the project team?","DataExportTag":"Q4","QuestionType":"MC","Selector":"SAVR","SubSelector":"TX","DataVisibility":{"Private":false,"Hidden":false},"Configuration":{"QuestionDescriptionOption":"UseText"},"QuestionDescription":"Overall, how satisfied are you with the communication from the project team?","Choices":{"1":{"Display":"Extremely satisfied"},"2":{"Display":"Moderately satisfied"},"4":{"Display":"Neither satisfied nor dissatisfied"},"6":{"Display":"Moderately dissatisfied"},"7":{"Display":"Extremely dissatisfied"}},"ChoiceOrder":[1,2,4,6,7],"Validation":{"Settings":{"ForceResponse":"ON","ForceResponseType":"ON","Type":"None"}},"VariableNaming":{"1":"extremely satisfied","2":"moderately satisfied","4":"neither satisfied nor dissatisfied","6":"moderately dissatisfied","7":"extremely dissatisfied"},"Language":[],"NextChoiceId":8,"NextAnswerId":1,"QuestionID":"QID2016"}},{"SurveyID":"SV_07jXmofapKrAyEK","Element":"SQ","PrimaryAttribute":"QID2018","SecondaryAttribute":"Click to write the question text","TertiaryAttribute":null,"Payload":{"QuestionText":"Click to write the question text","DefaultChoices":false,"DataExportTag":"Q15","QuestionType":"RO","Selector":"DND","SubSelector":"TX","DataVisibility":{"Private":false,"Hidden":false},"Configuration":{"QuestionDescriptionOption":"UseText"},"QuestionDescription":"Click to write the question text","Choices":{"1":{"Display":"Click to write Item 1"},"2":{"Display":"Click to write Item 2"},"3":{"Display":"Click to write Item 3"}},"ChoiceOrder":["1","2","3"],"Validation":{"Settings":{"ForceResponse":"OFF","Type":"None"}},"GradingData":[],"Language":[],"NextChoiceId":4,"NextAnswerId":1,"QuestionID":"QID2018"}},{"SurveyID":"SV_07jXmofapKrAyEK","Element":"SQ","PrimaryAttribute":"QID2019","SecondaryAttribute":"Click to write the question text","TertiaryAttribute":null,"Payload":{"QuestionText":"Click to write the question text","DefaultChoices":false,"DataExportTag":"Q16","QuestionType":"TE","Selector":"FORM","DataVisibility":{"Private":false,"Hidden":false},"Configuration":{"QuestionDescriptionOption":"UseText"},"QuestionDescription":"Click to write the question text","Choices":{"1":{"Display":"Click to write Choice 1"},"2":{"Display":"Click to write Choice 2"},"3":{"Display":"Click to write Choice 3"}},"ChoiceOrder":["1","2","3"],"Validation":{"Settings":{"ForceResponse":"OFF","Type":null}},"GradingData":[],"Language":[],"NextChoiceId":4,"NextAnswerId":1,"SearchSource":{"AllowFreeResponse":"false"},"QuestionID":"QID2019"}},{"SurveyID":"SV_07jXmofapKrAyEK","Element":"SQ","PrimaryAttribute":"QID2020","SecondaryAttribute":"How would you rate the project team in the following categories?","TertiaryAttribute":null,"Payload":{"QuestionText":"How would you rate the project team in the following categories?","DefaultChoices":false,"DataExportTag":"Q2","QuestionType":"Matrix","Selector":"Likert","SubSelector":"SingleAnswer","DataVisibility":{"Private":false,"Hidden":false},"Configuration":{"QuestionDescriptionOption":"UseText","TextPosition":"inline","ChoiceColumnWidth":25,"RepeatHeaders":"none","WhiteSpace":"OFF","MobileFirst":true},"QuestionDescription":"How would you rate the project team in the following categories?","Choices":{"1":{"Display":"Communication"},"2":{"Display":"Progress"},"3":{"Display":"Quality of Work"}},"ChoiceOrder":["1","2","3"],"Validation":{"Settings":{"ForceResponse":"ON","ForceResponseType":"ON","Type":"None"}},"GradingData":[],"Language":[],"NextChoiceId":4,"NextAnswerId":11,"Answers":{"4":{"Display":"Very Poor"},"7":{"Display":"Poor"},"8":{"Display":"Good"},"9":{"Display":"Very Good"},"10":{"Display":"Excellent"}},"AnswerOrder":["4","7","8","9","10"],"ChoiceDataExportTags":{"1":"Communication","2":"Progress","3":"Quality of Work"},"QuestionID":"QID2020"}},{"SurveyID":"SV_07jXmofapKrAyEK","Element":"SQ","PrimaryAttribute":"QID2021","SecondaryAttribute":"On a scale of 1-5, How likely are you to recommend our services to a colleague?","TertiaryAttribute":null,"Payload":{"QuestionText":"On a scale of 1-5, How likely are you to recommend our services to a colleague?","DataExportTag":"Q7","QuestionType":"MC","Selector":"SB","DataVisibility":{"Private":false,"Hidden":false},"Configuration":{"QuestionDescriptionOption":"UseText"},"QuestionDescription":"On a scale of 1-5, How likely are you to recommend our services to a colleague?","Choices":{"1":{"Display":"1"},"2":{"Display":"2"},"3":{"Display":"3"},"4":{"Display":"4"},"5":{"Display":"5"}},"ChoiceOrder":["1","2","3","4","5"],"Validation":{"Settings":{"ForceResponse":"OFF","Type":"None"}},"Language":[],"NextChoiceId":7,"NextAnswerId":1,"QuestionID":"QID2021"}},{"SurveyID":"SV_07jXmofapKrAyEK","Element":"SQ","PrimaryAttribute":"QID2022","SecondaryAttribute":"What is your organization name and project title?","TertiaryAttribute":null,"Payload":{"QuestionText":"What is your organization name and project title?","DefaultChoices":false,"DataExportTag":"Q2","QuestionID":"QID2022","QuestionType":"TE","Selector":"ML","DataVisibility":{"Private":false,"Hidden":false},"Configuration":{"QuestionDescriptionOption":"UseText"},"QuestionDescription":"What is your organization name and project title?","Validation":{"Settings":{"ForceResponse":"ON","ForceResponseType":"ON","Type":"None"}},"GradingData":[],"Language":{"DE":{"QuestionText":"Als F\u00fchrungskraft bin ich bestrebt, meinem Team das beste Umfeld zu bieten und jeden einzelnen Mitarbeiter zu unterst\u00fctzen. Diese Umfrage ist Ihre Chance, mir Feedback dazu zu geben, was mir bei der Schaffung eines solchen Umfelds gut gelingt und wo Verbesserungspotenzial besteht.&nbsp;<div><br><\/div><div>Bevor Sie beginnen, hier einige Orientierungshilfen: Diese Umfrage sollte nicht l\u00e4nger als 3 bis 5 Minuten in Anspruch nehmen. Ich w\u00fcrde es begr\u00fc\u00dfen, wenn Sie sich etwas Zeit nehmen, um sie in einer Sitzung abzuschlie\u00dfen. Damit dieses Feedback n\u00fctzlich ist, muss es ehrlich sein. Ich m\u00f6chte, dass Sie sich wohl dabei f\u00fchlen, Ihre Ansichten zu \u00e4u\u00dfern. Daher sind alle Daten anonym.&nbsp;<\/div><div><br><\/div><div>Ich m\u00f6chte, dass Sie sich dar\u00fcber im Klaren sind, dass diese Umfrage zwei Freitextfragen enth\u00e4lt. Denken Sie also daran, dass Ihre Antworten auf diese Fragen nicht gefiltert werden. Seien Sie daher vorsichtig und geben Sie pers\u00f6nliche oder personenbezogene Daten nur dann an, wenn dies f\u00fcr Ihre Antwort wichtig ist.&nbsp;<\/div><div><br><\/div><div>Ich bin auf die Sichtweisen des Teams gespannt. Vielen Dank im Voraus f\u00fcr Ihr Feedback.&nbsp;<\/div><div><br><\/div><div>Bitte klicken Sie unten, um anzufangen!<\/div>"},"EN-GB":{"QuestionText":"<p>As a leader, I\u2019m committed to providing the best environment for my team and to enable each and every one of you. This survey is your chance to provide me with some feedback on what I\u2019m doing well in creating that environment, and where I can make improvements.<\/p><p><br><\/p><p>Before you start, a few quick guidelines. This survey should take you no more than 3-5 minutes to complete, and I'd prefer that you set aside some time to complete it in one sitting. In order for this feedback to be useful it has to be honest - I want you to feel comfortable in giving your views, so all data will be anonymous.<\/p>\n\n<p>&nbsp;<\/p>\n\n<p>I do want you to be aware that there will be two open-ended questions in this survey so please remember your responses to these questions won\u2019t be filtered. Therefore, please be cautious and provide personal or identifiable data only if it\u2019s important in your response.<\/p><p><br><\/p><p>I\u2019m excited to hear the team\u2019s views! Thank you in advance for your feedback.<\/p><p><br><\/p><p>Click below to get started!<\/p>"},"ES":{"QuestionText":"Como l\u00edder, estoy comprometido a brindar el mejor entorno para mi equipo y a capacitar a todos. Esta encuesta es su oportunidad de expresar sus opiniones respecto a lo que estoy haciendo bien en la creaci\u00f3n de ese entorno y qu\u00e9 aspectos puedo mejorar.&nbsp;<div><br><\/div><div>Antes de comenzar, repasemos brevemente algunas pautas. No deber\u00eda tardar m\u00e1s de 3-5&nbsp;minutos en completar esta encuesta, y preferir\u00eda que se reservara un tiempo para completarla de una sola vez. Para que sus opiniones sean \u00fatiles, debe ser honesto: quiero que se sienta c\u00f3modo al compartir sus puntos de vista, motivo por el cual todos los datos ser\u00e1n an\u00f3nimos.&nbsp;<div><br><\/div><div>Quiero que sepa que habr\u00e1 dos preguntas abiertas en esta encuesta, as\u00ed que recuerde que sus respuestas a estas preguntas no se filtrar\u00e1n. Por lo tanto, preste atenci\u00f3n y proporcione datos personales o de identificaci\u00f3n \u00fanicamente si son fundamentales para su respuesta.&nbsp;<div><br><\/div><div>\u00a1Estoy entusiasmado con la idea de recibir los comentarios del equipo! Desde ya le agradecemos que nos brinde su opini\u00f3n.&nbsp;<div><br><\/div><div>\u00a1Haga clic abajo para comenzar!<\/div><\/div><\/div><\/div>"},"ES-ES":{"QuestionText":"Como l\u00edder, estoy comprometido a ofrecer el mejor entorno para mi equipo y a capacitarlos a todos ustedes. Con esta encuesta puede proporcionarme su opini\u00f3n sobre qu\u00e9 hago bien en la creaci\u00f3n de ese entorno y en qu\u00e9 puedo mejorar.&nbsp;<div><br><\/div><div>Antes de comenzar, unas breves instrucciones. Esta encuesta no le llevar\u00e1 m\u00e1s de 3-5&nbsp;minutos, y ser\u00eda preferible que se reservara un tiempo para realizarla de una vez. Para que su opini\u00f3n sea \u00fatil, debe ser sincero: quiero que se sienta c\u00f3modo dando sus puntos de vista, de modo que todos los datos ser\u00e1n an\u00f3nimos.&nbsp;<div><br><\/div><div>Quiero que sepa que habr\u00e1 dos preguntas abiertas en esta encuesta, as\u00ed que recuerde que no se filtrar\u00e1n sus respuestas a dichas preguntas. Por lo tanto, tenga cuidado y proporcione en su respuesta datos personales o identificables solo si son importantes.&nbsp;<div><br><\/div><div>Estoy deseando escuchar los comentarios del equipo! Gracias de antemano por dar su opini\u00f3n.&nbsp;<div><br><\/div><div>Haga clic a continuaci\u00f3n para comenzar.<\/div><\/div><\/div><\/div>"},"FI":{"QuestionText":"Johtajana olen sitoutunut tarjoamaan parhaan ymp\u00e4rist\u00f6n tiimilleni ja antamaan mahdollisuuden jokaiselle teist\u00e4. T\u00e4m\u00e4 kysely on sinun tilaisuutesi antaa minulle palautetta siit\u00e4, mit\u00e4 teen hyvin ja miss\u00e4 voin tehd\u00e4 parannuksia.&nbsp;<div><br><\/div><div>Ennen aloittamista muutama nopea ohje. T\u00e4m\u00e4n kyselyn pit\u00e4isi kest\u00e4\u00e4 enint\u00e4\u00e4n 3\u20135 minuuttia, ja varaa mieluiten jonkin aikaa suorittaaksesi sen yhdelt\u00e4 istumalta. Jotta t\u00e4m\u00e4 palaute olisi hy\u00f6dyllist\u00e4, sen on oltava rehellist\u00e4 - haluan sinun tuntevan olosi mukavaksi antaessasi n\u00e4kemyksesi, joten kaikki tiedot ovat nimett\u00f6mi\u00e4.&nbsp;<div><br><\/div><div>Tutkimuksessa on kaksi avointa kysymyst\u00e4, joten muista, ett\u00e4 vastauksiasi n\u00e4ihin kysymyksiin ei suodateta. Siksi ole varovainen ja anna henkil\u00f6kohtaisia tai tunnistettavia tietoja vain, jos se on t\u00e4rke\u00e4 vastauksessasi.&nbsp;<div><br><\/div><div>Olen innoissani kuullaksesi tiimin n\u00e4kemykset! Kiitos jo etuk\u00e4teen palautteestasi.&nbsp;<div><br><\/div><div>Napsauta alla aloittaaksesi!<\/div><\/div><\/div><\/div>"},"FR":{"QuestionText":"En tant que manager, je m'engage \u00e0 fournir le meilleur environnement pour mon \u00e9quipe et \u00e0 faciliter le travail de chacun d'entre vous. Cette enqu\u00eate vous permet de me fournir des commentaires sur ce que je fais bien dans la cr\u00e9ation de cet environnement et sur les points \u00e0 am\u00e9liorer.&nbsp;<div><br><\/div><div>Avant de commencer, quelques conseils rapides. Cette enqu\u00eate ne devrait pas vous prendre plus de 3 \u00e0 5 minutes, et je pr\u00e9f\u00e9rerais que vous r\u00e9serviez du temps pour le terminer en une seule s\u00e9ance. Pour que ces commentaires soient utiles, ils doivent \u00eatre honn\u00eates - je veux que vous vous sentiez \u00e0 l'aise de donner votre avis, donc toutes les donn\u00e9es seront anonymes.&nbsp;<div><br><\/div><div>Je veux que vous sachiez qu'il y aura deux questions ouvertes dans cette enqu\u00eate, alors n'oubliez pas que vos r\u00e9ponses \u00e0 ces questions ne seront pas filtr\u00e9es. Par cons\u00e9quent, soyez prudent et ne fournissez des donn\u00e9es personnelles ou identifiables que si elles sont importantes dans votre r\u00e9ponse.&nbsp;<div><br><\/div><div>J'ai h\u00e2te d'entendre le point de vue de l'\u00e9quipe! Merci d'avance pour vos retours.&nbsp;<div><br><\/div><div>Cliquez ci-dessous pour commencer!<\/div><\/div><\/div><\/div>"},"IT":{"QuestionText":"Come leader, mi impegno a fornire il miglior ambiente per il mio team e a rendere responsabile ognuno di voi. Questo sondaggio \u00e8 la tua occasione per fornirmi un feedback su ci\u00f2 che sto facendo bene nel creare un simile ambiente e sui punti in cui posso apportare miglioramenti.&nbsp;<div><br><\/div><div>Prima di iniziare, ecco alcune rapide linee guida. Il completamento di questo sondaggio non dovrebbe richiedere pi\u00f9 di 3-5 minuti e preferirei che dedicassi del tempo per completarlo in una sola seduta. Affinch\u00e9 questo feedback sia utile, deve essere onesto: voglio che tu ti senta a tuo agio nell'esprimere le tue opinioni, quindi tutti i dati saranno anonimi.&nbsp;<div><br><\/div><div>Voglio che tu sappia che in questo sondaggio ci saranno due domande a risposta aperta, quindi ricorda che le tue risposte a quelle domande non saranno filtrate. Pertanto fai attenzione e fornisci i tuoi dati personali o di identificazione solo se sono importanti per la tua risposta.&nbsp;<div><br><\/div><div>Sono entusiasta di ascoltare le opinioni del team! Grazie in anticipo per il tuo feedback.&nbsp;<div><br><\/div><div>Fai clic qui sotto per iniziare!<\/div><\/div><\/div><\/div>"},"JA":{"QuestionText":"\u30ea\u30fc\u30c0\u30fc\u3068\u3057\u3066\u3001\u79c1\u306f\u3001\u90e8\u4e0b\u306e\u30c1\u30fc\u30e0\u306b\u6700\u9069\u306a\u74b0\u5883\u3092\u63d0\u4f9b\u3057\u3001\u4e00\u4eba\u4e00\u4eba\u304c\u80fd\u529b\u3092\u767a\u63ee\u3067\u304d\u308b\u3088\u3046\u5c3d\u529b\u3057\u3066\u3044\u307e\u3059\u3002\u3053\u306e\u30a2\u30f3\u30b1\u30fc\u30c8\u306f\u3001\u79c1\u304c\u305d\u306e\u74b0\u5883\u3092\u4f5c\u308b\u4e0a\u3067\u3046\u307e\u304f\u3084\u3063\u3066\u3044\u308b\u3053\u3068\u3001\u307e\u305f\u3001\u6539\u5584\u3059\u3079\u304d\u70b9\u306f\u3069\u3053\u304b\u306b\u3064\u3044\u3066\u3001\u610f\u898b\u3092\u8ff0\u3079\u308b\u7d76\u597d\u306e\u6a5f\u4f1a\u3067\u3059\u3002<div><br><\/div><div>\u59cb\u3081\u308b\u524d\u306b\u3001\u3044\u304f\u3064\u304b\u306e\u7c21\u5358\u306a\u30ac\u30a4\u30c9\u30e9\u30a4\u30f3\u3092\u793a\u3057\u3066\u304a\u304d\u307e\u3059\u3002\u3053\u306e\u30a2\u30f3\u30b1\u30fc\u30c8\u306e\u6240\u8981\u6642\u9593\u306f3\u301c5\u5206\u307b\u3069\u3067\u3059\u30021\u56de\u3067\u5b8c\u4e86\u3067\u304d\u308b\u3088\u3046\u306b\u5341\u5206\u306a\u6642\u9593\u3092\u78ba\u4fdd\u3057\u3066\u304a\u304f\u3088\u3046\u304a\u52e7\u3081\u3057\u307e\u3059\u3002\u3053\u306e\u30d5\u30a3\u30fc\u30c9\u30d0\u30c3\u30af\u3092\u6709\u76ca\u306a\u3082\u306e\u3068\u3059\u308b\u306b\u306f\u3001\u6b63\u76f4\u306b\u56de\u7b54\u3059\u308b\u5fc5\u8981\u304c\u3042\u308a\u307e\u3059\u3002\u5b89\u5fc3\u3057\u3066\u7387\u76f4\u306a\u3054\u610f\u898b\u3092\u304a\u5bc4\u305b\u3067\u304d\u308b\u3088\u3046\u3001\u3059\u3079\u3066\u306e\u30c7\u30fc\u30bf\u304c\u533f\u540d\u306b\u306a\u3063\u3066\u3044\u307e\u3059\u3002<\/div><div><br><\/div><div>\u3053\u306e\u30a2\u30f3\u30b1\u30fc\u30c8\u306b\u306f\u81ea\u7531\u56de\u7b54\u5f62\u5f0f\u306e\u8cea\u554f\u304c2\u3064\u3042\u308a\u307e\u3059\u304c\u3001\u3053\u308c\u3089\u306e\u8cea\u554f\u306b\u5bfe\u3059\u308b\u56de\u7b54\u306f\u30d5\u30a3\u30eb\u30bf\u30ea\u30f3\u30b0\u3055\u308c\u306a\u3044\u3053\u3068\u306b\u3054\u6ce8\u610f\u304f\u3060\u3055\u3044\u3002\u3057\u305f\u304c\u3063\u3066\u3001\u56de\u7b54\u306b\u3068\u3063\u3066\u91cd\u8981\u306a\u5834\u5408\u306b\u306e\u307f\u3001\u614e\u91cd\u306b\u500b\u4eba\u60c5\u5831\u3084\u8b58\u5225\u53ef\u80fd\u306a\u30c7\u30fc\u30bf\u3092\u8a18\u5165\u3057\u3066\u304f\u3060\u3055\u3044\u3002<\/div><div><br><\/div><div>\u30c1\u30fc\u30e0\u306e\u7686\u3055\u3093\u304b\u3089\u306e\u3054\u610f\u898b\u3092\u697d\u3057\u307f\u306b\u3057\u3066\u3044\u307e\u3059\uff01\u30d5\u30a3\u30fc\u30c9\u30d0\u30c3\u30af\u3092\u3088\u308d\u3057\u304f\u304a\u9858\u3044\u3057\u307e\u3059\u3002<\/div><div><br><\/div><div>\u958b\u59cb\u3059\u308b\u306b\u306f\u3001\u4e0b\u3092\u30af\u30ea\u30c3\u30af\u3057\u3066\u304f\u3060\u3055\u3044\uff01<\/div>"},"KO":{"QuestionText":"\ub9ac\ub354\ub85c\uc11c \uc800\ub294 \ud300\uc5d0 \ucd5c\uc0c1\uc758 \ud658\uacbd\uc744 \uc81c\uacf5\ud558\uace0 \uac01\uc790\ub97c \uac00\ub2a5\ud558\uac8c\ud558\uae30 \uc704\ud574 \ub178\ub825\ud558\uace0 \uc788\uc2b5\ub2c8\ub2e4. \uc774 \uc124\ubb38 \uc870\uc0ac\ub97c \ud1b5\ud574 \ud574\ub2f9 \ud658\uacbd\uc744 \ub9cc\ub4dc\ub294 \ub370 \uc798 \uc218\ud589\ud558\uace0 \uc788\ub294 \ubd80\ubd84\uacfc \uac1c\uc120\ud560 \uc218 \uc788\ub294 \ubd80\ubd84\uc5d0 \ub300\ud55c \ud53c\ub4dc\ubc31\uc744 \uc81c\uacf5\ud560 \uc218 \uc788\uc2b5\ub2c8\ub2e4.&nbsp;<div><br><\/div><div>\uc2dc\uc791\ud558\uae30 \uc804\uc5d0 \uba87 \uac00\uc9c0 \uac04\ub2e8\ud55c \uc9c0\uce68\uc774 \uc788\uc2b5\ub2c8\ub2e4. \uc774 \uc124\ubb38 \uc870\uc0ac\ub294 \uc644\ub8cc\ud558\ub294 \ub370 3-5 \ubd84 \uc774\uc0c1 \uac78\ub9ac\uc9c0 \uc54a\uc73c\uba70, \ud55c \ubc88\uc5d0 \uc644\ub8cc\ud560 \uc2dc\uac04\uc744 \ub530\ub85c \uc124\uc815\ud558\uc2dc\uae30 \ubc14\ub78d\ub2c8\ub2e4. \uc774 \ud53c\ub4dc\ubc31\uc744 \uc720\uc6a9\ud558\uac8c \uc0ac\uc6a9\ud558\ub824\uba74 \uc815\uc9c1\ud574\uc57c \ud569\ub2c8\ub2e4. \uacac\ud574\ub97c \ub098\ud0c0\ub0b4\ub294 \ub370 \ud3b8\ud558\uac8c \ub290\uaf08\uc73c\uba74 \uc88b\uaca0\uc2b5\ub2c8\ub2e4. \ubaa8\ub4e0 \ub370\uc774\ud130\uac00 \uc775\uba85\uc73c\ub85c \ucc98\ub9ac\ub429\ub2c8\ub2e4.&nbsp;<div><br><\/div><div>\uc774 \uc124\ubb38 \uc870\uc0ac\uc5d0\ub294 \ub450 \uac1c\uc758 \uac1c\ubc29\ud615 \uc9c8\ubb38\uc774 \uc788\uc744 \uac83\uc774\ubbc0\ub85c \uc774\ub7ec\ud55c \uc9c8\ubb38\uc5d0 \ub300\ud55c \ub2f5\ubcc0\uc740 \ud544\ud130\ub9c1\ub418\uc9c0 \uc54a\uc2b5\ub2c8\ub2e4. \ub530\ub77c\uc11c \uadc0\ud558\uc758 \ub2f5\ubcc0\uc5d0 \uc911\uc694\ud55c \uacbd\uc6b0\uc5d0\ub9cc \uac1c\uc778 \uc815\ubcf4 \ub610\ub294 \uc2dd\ubcc4 \uac00\ub2a5\ud55c \ub370\uc774\ud130\ub97c \uc81c\uacf5\ud558\uc2ed\uc2dc\uc624.&nbsp;<div><br><\/div><div>\ud300\uc758 \uc758\uacac\uc744 \ub4e3\uac8c \ub418\uc5b4 \uae30\uc069\ub2c8\ub2e4! \uc758\uacac\uc744 \ubcf4\ub0b4 \uc8fc\uc154\uc11c \uac10\uc0ac\ud569\ub2c8\ub2e4.&nbsp;<div><br><\/div><div>\uc2dc\uc791\ud558\ub824\uba74 \uc544\ub798\ub97c \ud074\ub9ad\ud558\uc2ed\uc2dc\uc624!<\/div><\/div><\/div><\/div>"},"NL":{"QuestionText":"Als leider zet ik mij in om de beste omgeving voor mijn team te bieden en iedereen in staat te stellen zijn of haar werk te doen. Deze enqu\u00eate is uw kans om mij feedback te geven over wat ik hierbij goed doe en waar ruimte is voor verbetering.&nbsp;<div><br><\/div><div>Enkele snelle richtlijnen voor u begint. Het invullen van deze enqu\u00eate zou niet meer dan 3-5 minuten in beslag moeten nemen en bij voorkeur maakt u tijd vrij om dit in \u00e9\u00e9n keer te doen. Feedback is alleen nuttig als deze eerlijk is: ik wil dat u uw mening zonder zorgen kunt geven, dus alle gegevens zijn anoniem.&nbsp;<div><br><\/div><div>Weet dat er in deze enqu\u00eate twee open vragen zullen zijn en dat uw antwoorden op deze vragen niet worden gefilterd. Wees daarom voorzichtig en verstrek alleen persoonlijke of identificeerbare gegevens als dit belangrijk is in uw reactie.&nbsp;<div><br><\/div><div>Ik ben benieuwd naar de meningen van het team! Bij voorbaat dank voor uw feedback.&nbsp;<div><br><\/div><div>Klik hieronder om te beginnen.<\/div><\/div><\/div><\/div>"},"PT":{"QuestionText":"Como l\u00edder, estou empenhado em proporcionar o melhor ambiente \u00e0 minha equipa e capacitar cada um de voc\u00eas. Este inqu\u00e9rito \u00e9 a sua oportunidade de me dar algum feedback sobre o que estou a fazer bem na cria\u00e7\u00e3o desse ambiente e onde posso fazer melhorias.&nbsp;<div><br><\/div><div>Antes de come\u00e7ar, algumas orienta\u00e7\u00f5es r\u00e1pidas. N\u00e3o deve demorar mais do que 3-5 minutos a concluir este inqu\u00e9rito, e prefiro que dedique algum tempo a conclu\u00ed-lo de uma s\u00f3 vez. Para que esse feedback seja \u00fatil, \u00e9 preciso ser honesto. Quero que se sinta \u00e0 vontade para dar a sua opini\u00e3o e, portanto, todos os dados ser\u00e3o an\u00f3nimos.&nbsp;<\/div><div><br><\/div><div>Quero que esteja ciente de que haver\u00e1 duas perguntas abertas neste inqu\u00e9rito. Lembre-se de que as suas respostas a essas perguntas n\u00e3o ser\u00e3o filtradas. Portanto, seja cauteloso e forne\u00e7a dados pessoais ou identific\u00e1veis apenas se forem importantes na sua resposta.&nbsp;<div><div><br><\/div><div>Estou animado em ouvir as opini\u00f5es da equipa! Agrade\u00e7o antecipadamente o seu feedback.&nbsp;<div><br><\/div><div>Clique abaixo para come\u00e7ar!<\/div><\/div><\/div><\/div>"},"PT-BR":{"QuestionText":"Como l\u00edder, tenho o compromisso de fornecer o melhor ambiente para minha equipe e capacitar cada um de voc\u00eas. Esta pesquisa \u00e9 sua chance de fornecer um feedback sobre o que estou fazendo bem na cria\u00e7\u00e3o desse ambiente e onde posso fazer melhorias.&nbsp;<div><br><\/div><div>Antes de come\u00e7ar, algumas orienta\u00e7\u00f5es r\u00e1pidas. Esta pesquisa n\u00e3o deve demorar mais que 3-5 minutos para ser conclu\u00edda, e eu prefiro que reserve um tempo para conclu\u00ed-la de uma s\u00f3 vez. Para que esse feedback seja \u00fatil, \u00e9 preciso ser honesto. Quero que voc\u00ea se sinta \u00e0 vontade para dar suas opini\u00f5es, para que todos os dados sejam an\u00f4nimos.&nbsp;<div><br><\/div><div>Quero que voc\u00ea esteja ciente de que haver\u00e1 duas perguntas em aberto nesta pesquisa. Lembre-se de que suas respostas a essas perguntas n\u00e3o ser\u00e3o filtradas. Portanto, seja cauteloso e forne\u00e7a dados pessoais ou identific\u00e1veis apenas se forem importantes em sua resposta.&nbsp;<div><br><\/div><div>Estou animado para ouvir as opini\u00f5es da equipe! Agradecemos antecipadamente seu feedback.&nbsp;<div><br><\/div><div>Clique abaixo para come\u00e7ar!<\/div><\/div><\/div><\/div>"},"ZH-S":{"QuestionText":"\u4f5c\u4e3a\u9886\u5bfc\u4eba\uff0c\u6211\u81f4\u529b\u4e8e\u4e3a\u6211\u7684\u56e2\u961f\u63d0\u4f9b\u6700\u597d\u7684\u73af\u5883\uff0c\u5e76\u4e3a\u4f60\u4eec\u6bcf\u4e00\u4e2a\u4eba\u63d0\u4f9b\u652f\u6301\u3002\u4f60\u4eec\u53ef\u4ee5\u5229\u7528\u6b64\u6b21\u8c03\u67e5\u5411\u6211\u63d0\u4f9b\u53cd\u9988\u610f\u89c1\uff0c\u5e2e\u52a9\u6211\u4e86\u89e3\u6211\u5728\u8425\u9020\u8be5\u73af\u5883\u65f6\u505a\u5f97\u597d\u7684\u5730\u65b9\uff0c\u4ee5\u53ca\u6709\u5f85\u6539\u8fdb\u7684\u5730\u65b9\u3002<div><br><\/div><div>\u5f00\u59cb\u4e4b\u524d\uff0c\u8bf7\u7559\u610f\u51e0\u6761\u7b80\u5355\u7684\u51c6\u5219\u3002\u8fd9\u9879\u8c03\u67e5\u6700\u591a\u53ea\u9700\u8981 3-5 \u5206\u949f\u5373\u53ef\u5b8c\u6210\uff0c\u6211\u5efa\u8bae\u60a8\u62bd\u51fa\u65f6\u95f4\u4e00\u6b21\u6027\u5b8c\u6210\u3002\u4e3a\u4e86\u4fdd\u8bc1\u6b64\u53cd\u9988\u610f\u89c1\u6709\u7528\uff0c\u8bf7\u52a1\u5fc5\u8bda\u5b9e\u56de\u7b54\u3002\u6211\u5e0c\u671b\u5927\u5bb6\u80fd\u5766\u7136\u5730\u53d1\u8868\u81ea\u5df1\u7684\u770b\u6cd5\uff0c\u56e0\u6b64\u6240\u6709\u6570\u636e\u90fd\u5c06\u4fdd\u6301\u533f\u540d\u3002<div><br><\/div><div>\u6211\u60f3\u63d0\u9192\u5927\u5bb6\uff0c\u6b64\u8c03\u67e5\u4e2d\u6709\u4e24\u4e2a\u5f00\u653e\u5f0f\u95ee\u9898\uff0c\u8bf7\u8bb0\u4f4f\uff0c\u6211\u4eec\u4e0d\u4f1a\u5bf9\u8fd9\u4e9b\u95ee\u9898\u7684\u56de\u7b54\u8fdb\u884c\u7b5b\u9009\u3002\u56e0\u6b64\uff0c\u8bf7\u8c28\u614e\u8003\u8651\uff0c\u5e76\u4e14\u4ec5\u5728\u5fc5\u8981\u65f6\u518d\u5728\u56de\u7b54\u4e2d\u63d0\u4f9b\u4e2a\u4eba\u6570\u636e\u6216\u53ef\u8bc6\u522b\u8eab\u4efd\u7684\u6570\u636e\u3002<div><br><\/div><div>\u6211\u5f88\u9ad8\u5174\u542c\u53d6\u56e2\u961f\u7684\u53cd\u9988\u610f\u89c1\uff01\u9884\u5148\u611f\u8c22\u5927\u5bb6\u7684\u53cd\u9988\u3002<div><br><\/div><div>\u8bf7\u70b9\u51fb\u4e0b\u9762\u5f00\u59cb\uff01<\/div><\/div><\/div><\/div>"},"ZH-T":{"QuestionText":"\u4f5c\u70ba\u9818\u5c0e\u8005\uff0c\u6211\u81f4\u529b\u65bc\u70ba\u5718\u968a\u63d0\u4f9b\u6700\u512a\u7684\u74b0\u5883\uff0c\u8b93\u5718\u968a\u4e2d\u7684\u6bcf\u500b\u4eba\u90fd\u767c\u63ee\u4f5c\u7528\u3002\u85c9\u7531\u6b64\u8abf\u67e5\uff0c\u60a8\u5c07\u6709\u6a5f\u6703\u91dd\u5c0d\u6211\u5011\u5728\u5efa\u7acb\u8a72\u74b0\u5883\u7684\u904e\u7a0b\u4e2d\u8868\u73fe\u826f\u597d\u7684\u74b0\u7bc0\u4ee5\u53ca\u53ef\u4ee5\u6539\u9032\u7684\u74b0\u7bc0\u5411\u6211\u63d0\u4f9b\u4e00\u4e9b\u610f\u898b\u53cd\u994b\u3002<div><br><\/div><div>\u5728\u60a8\u958b\u59cb\u4e4b\u524d\uff0c\u8acb\u77ad\u89e3\u4e00\u4e9b\u5feb\u901f\u6307\u5c0e\u539f\u5247\u3002\u5b8c\u6210\u6b64\u8abf\u67e5\u4e0d\u6703\u8d85\u904e 3-5 \u5206\u9418\uff0c\u6211\u66f4\u5e0c\u671b\u60a8\u80fd\u62bd\u51fa\u4e00\u9ede\u6642\u9593\u4e00\u6b21\u6027\u5b8c\u6210\u3002\u6b64\u610f\u898b\u53cd\u994b\u82e5\u8981\u6709\u6240\u52a9\u76ca\uff0c\u5fc5\u9808\u8aa0\u5be6\u5766\u7387\uff0c\u5e0c\u671b\u60a8\u5728\u63d0\u4f9b\u81ea\u5df1\u7684\u60f3\u6cd5\u6642\u8f15\u9b06\u81ea\u5728\uff0c\u56e0\u6b64\u6240\u6709\u8cc7\u6599\u90fd\u662f\u533f\u540d\u7684\u3002<div><br><\/div><div>\u5e0c\u671b\u60a8\u6ce8\u610f\uff0c\u6b64\u8abf\u67e5\u4e2d\u5c07\u6709\u5169\u500b\u958b\u653e\u5f0f\u554f\u984c\uff0c\u8acb\u8a18\u4f4f\u4e0d\u6703\u7be9\u9078\u60a8\u5c0d\u9019\u4e9b\u554f\u984c\u7684\u56de\u61c9\u3002\u56e0\u6b64\uff0c\u8acb\u8b39\u614e\u5c0d\u5f85\uff0c\u53ea\u6709\u5728\u500b\u4eba\u8cc7\u6599\u6216\u6642\u5019\u53ef\u8b58\u5225\u8cc7\u6599\u5728\u60a8\u7684\u56de\u61c9\u4e2d\u5f88\u91cd\u8981\u6642\u624d\u63d0\u4f9b\u9019\u4e9b\u8cc7\u6599\u3002<div><br><\/div><div>\u6211\u5f88\u9ad8\u8208\u807d\u5230\u5718\u968a\u7684\u60f3\u6cd5\uff01\u5728\u6b64\u5148\u611f\u8b1d\u60a8\u63d0\u4f9b\u610f\u898b\u53cd\u994b\u3002<div><br><\/div><div>\u5728\u4e0b\u65b9\u6309\u4e00\u4e0b\u4ee5\u958b\u59cb\uff01<\/div><\/div><\/div><\/div>"}},"NextChoiceId":4,"NextAnswerId":1,"SearchSource":{"AllowFreeResponse":"false"}}},{"SurveyID":"SV_07jXmofapKrAyEK","Element":"SQ","PrimaryAttribute":"QID2023","SecondaryAttribute":"Overall, how satisfied are you with the progress made by the project team?","TertiaryAttribute":null,"Payload":{"QuestionText":"Overall, how satisfied are you with the progress made by the project team?","DataExportTag":"Q5","QuestionType":"MC","Selector":"SAVR","SubSelector":"TX","DataVisibility":{"Private":false,"Hidden":false},"Configuration":{"QuestionDescriptionOption":"UseText"},"QuestionDescription":"Overall, how satisfied are you with the progress made by the project team?","Choices":{"1":{"Display":"Extremely satisfied"},"2":{"Display":"Moderately satisfied"},"4":{"Display":"Neither satisfied nor dissatisfied"},"6":{"Display":"Moderately dissatisfied"},"7":{"Display":"Extremely dissatisfied"}},"ChoiceOrder":[1,2,4,6,7],"Validation":{"Settings":{"ForceResponse":"ON","ForceResponseType":"ON","Type":"None"}},"VariableNaming":{"1":"extremely satisfied","2":"moderately satisfied","4":"neither satisfied nor dissatisfied","6":"moderately dissatisfied","7":"extremely dissatisfied"},"Language":[],"NextChoiceId":8,"NextAnswerId":1,"QuestionID":"QID2023"}},{"SurveyID":"SV_07jXmofapKrAyEK","Element":"SQ","PrimaryAttribute":"QID2024","SecondaryAttribute":"Click to write the question text","TertiaryAttribute":null,"Payload":{"QuestionText":"Click to write the question text","DataExportTag":"Q11","QuestionType":"MC","Selector":"SAVR","SubSelector":"TX","DataVisibility":{"Private":false,"Hidden":false},"Configuration":{"QuestionDescriptionOption":"UseText"},"QuestionDescription":"Click to write the question text","Choices":{"1":{"Display":"Click to write Choice 1"},"2":{"Display":"Click to write Choice 2"},"3":{"Display":"Click to write Choice 3"}},"ChoiceOrder":["1","2","3"],"Validation":{"Settings":{"ForceResponse":"OFF","Type":"None"}},"Language":[],"NextChoiceId":4,"NextAnswerId":1,"QuestionID":"QID2024"}},{"SurveyID":"SV_07jXmofapKrAyEK","Element":"SQ","PrimaryAttribute":"QID2025","SecondaryAttribute":"Click to write the question text","TertiaryAttribute":null,"Payload":{"QuestionText":"Click to write the question text","DataExportTag":"Q13","QuestionType":"MC","Selector":"SAVR","SubSelector":"TX","DataVisibility":{"Private":false,"Hidden":false},"Configuration":{"QuestionDescriptionOption":"UseText"},"QuestionDescription":"Click to write the question text","Choices":{"1":{"Display":"Click to write Choice 1"},"2":{"Display":"Click to write Choice 2"},"3":{"Display":"Click to write Choice 3"}},"ChoiceOrder":["1","2","3"],"Validation":{"Settings":{"ForceResponse":"OFF","Type":"None"}},"Language":[],"NextChoiceId":4,"NextAnswerId":1,"QuestionID":"QID2025"}},{"SurveyID":"SV_07jXmofapKrAyEK","Element":"SQ","PrimaryAttribute":"QID2026","SecondaryAttribute":"Click to write the question text","TertiaryAttribute":null,"Payload":{"QuestionText":"Click to write the question text","DefaultChoices":false,"DataExportTag":"Q14","QuestionID":"QID2026","QuestionType":"MC","Selector":"SAVR","SubSelector":"TX","DataVisibility":{"Private":false,"Hidden":false},"Configuration":{"QuestionDescriptionOption":"UseText"},"QuestionDescription":"Click to write the question text","Choices":{"1":{"Display":"Click to write Choice 1"},"2":{"Display":"Click to write Choice 2"},"3":{"Display":"Click to write Choice 3"}},"ChoiceOrder":["1","2","3"],"Validation":{"Settings":{"ForceResponse":"OFF","Type":"None"}},"GradingData":[],"Language":[],"NextChoiceId":4,"NextAnswerId":1}},{"SurveyID":"SV_07jXmofapKrAyEK","Element":"SQ","PrimaryAttribute":"QID2027","SecondaryAttribute":"Hello ${e:\/\/Field\/RecipientFirstName} ${e:\/\/Field\/RecipientLastName}, Thank you for participating...","TertiaryAttribute":null,"Payload":{"QuestionText":"Hello ${e:\/\/Field\/RecipientFirstName} ${e:\/\/Field\/RecipientLastName},<br><br>Thank you for participating in the iConsultancy Experiential Learning Program!<br><br>We truly appreciate ${e:\/\/Field\/Company%20Name}'s partnership on the ${e:\/\/Field\/Project%20Title} project. To help us continuously improve the experience for both students and partner organizations, we\u2019d be grateful for your feedback on your most recent interaction with the student team.\n\nYour responses will be reviewed by the iConsultancy team and instructional staff throughout the semester and will play a key role in supporting student growth and enhancing the program.","DefaultChoices":false,"DataExportTag":"Intro","QuestionID":"QID2027","QuestionType":"DB","Selector":"TB","DataVisibility":{"Private":false,"Hidden":false},"Configuration":{"QuestionDescriptionOption":"UseText"},"QuestionDescription":"Hello ${e:\/\/Field\/RecipientFirstName} ${e:\/\/Field\/RecipientLastName}, Thank you for participating...","ChoiceOrder":[],"Validation":{"Settings":{"Type":"None"}},"GradingData":[],"Language":[],"NextChoiceId":4,"NextAnswerId":1}},{"SurveyID":"SV_07jXmofapKrAyEK","Element":"SQ","PrimaryAttribute":"QID34","SecondaryAttribute":"Please provide your name.","TertiaryAttribute":null,"Payload":{"QuestionText":"Please provide your name.","DefaultChoices":false,"DataExportTag":"Q3","QuestionID":"QID34","QuestionType":"TE","Selector":"ML","DataVisibility":{"Private":false,"Hidden":false},"Configuration":{"QuestionDescriptionOption":"UseText"},"QuestionDescription":"Please provide your name.","Validation":{"Settings":{"ForceResponse":"ON","ForceResponseType":"ON","Type":"None"}},"GradingData":[],"Language":{"DE":{"QuestionText":"Als F\u00fchrungskraft bin ich bestrebt, meinem Team das beste Umfeld zu bieten und jeden einzelnen Mitarbeiter zu unterst\u00fctzen. Diese Umfrage ist Ihre Chance, mir Feedback dazu zu geben, was mir bei der Schaffung eines solchen Umfelds gut gelingt und wo Verbesserungspotenzial besteht.&nbsp;<div><br><\/div><div>Bevor Sie beginnen, hier einige Orientierungshilfen: Diese Umfrage sollte nicht l\u00e4nger als 3 bis 5 Minuten in Anspruch nehmen. Ich w\u00fcrde es begr\u00fc\u00dfen, wenn Sie sich etwas Zeit nehmen, um sie in einer Sitzung abzuschlie\u00dfen. Damit dieses Feedback n\u00fctzlich ist, muss es ehrlich sein. Ich m\u00f6chte, dass Sie sich wohl dabei f\u00fchlen, Ihre Ansichten zu \u00e4u\u00dfern. Daher sind alle Daten anonym.&nbsp;<\/div><div><br><\/div><div>Ich m\u00f6chte, dass Sie sich dar\u00fcber im Klaren sind, dass diese Umfrage zwei Freitextfragen enth\u00e4lt. Denken Sie also daran, dass Ihre Antworten auf diese Fragen nicht gefiltert werden. Seien Sie daher vorsichtig und geben Sie pers\u00f6nliche oder personenbezogene Daten nur dann an, wenn dies f\u00fcr Ihre Antwort wichtig ist.&nbsp;<\/div><div><br><\/div><div>Ich bin auf die Sichtweisen des Teams gespannt. Vielen Dank im Voraus f\u00fcr Ihr Feedback.&nbsp;<\/div><div><br><\/div><div>Bitte klicken Sie unten, um anzufangen!<\/div>"},"EN-GB":{"QuestionText":"<p>As a leader, I\u2019m committed to providing the best environment for my team and to enable each and every one of you. This survey is your chance to provide me with some feedback on what I\u2019m doing well in creating that environment, and where I can make improvements.<\/p><p><br><\/p><p>Before you start, a few quick guidelines. This survey should take you no more than 3-5 minutes to complete, and I'd prefer that you set aside some time to complete it in one sitting. In order for this feedback to be useful it has to be honest - I want you to feel comfortable in giving your views, so all data will be anonymous.<\/p>\n\n<p>&nbsp;<\/p>\n\n<p>I do want you to be aware that there will be two open-ended questions in this survey so please remember your responses to these questions won\u2019t be filtered. Therefore, please be cautious and provide personal or identifiable data only if it\u2019s important in your response.<\/p><p><br><\/p><p>I\u2019m excited to hear the team\u2019s views! Thank you in advance for your feedback.<\/p><p><br><\/p><p>Click below to get started!<\/p>"},"ES":{"QuestionText":"Como l\u00edder, estoy comprometido a brindar el mejor entorno para mi equipo y a capacitar a todos. Esta encuesta es su oportunidad de expresar sus opiniones respecto a lo que estoy haciendo bien en la creaci\u00f3n de ese entorno y qu\u00e9 aspectos puedo mejorar.&nbsp;<div><br><\/div><div>Antes de comenzar, repasemos brevemente algunas pautas. No deber\u00eda tardar m\u00e1s de 3-5&nbsp;minutos en completar esta encuesta, y preferir\u00eda que se reservara un tiempo para completarla de una sola vez. Para que sus opiniones sean \u00fatiles, debe ser honesto: quiero que se sienta c\u00f3modo al compartir sus puntos de vista, motivo por el cual todos los datos ser\u00e1n an\u00f3nimos.&nbsp;<div><br><\/div><div>Quiero que sepa que habr\u00e1 dos preguntas abiertas en esta encuesta, as\u00ed que recuerde que sus respuestas a estas preguntas no se filtrar\u00e1n. Por lo tanto, preste atenci\u00f3n y proporcione datos personales o de identificaci\u00f3n \u00fanicamente si son fundamentales para su respuesta.&nbsp;<div><br><\/div><div>\u00a1Estoy entusiasmado con la idea de recibir los comentarios del equipo! Desde ya le agradecemos que nos brinde su opini\u00f3n.&nbsp;<div><br><\/div><div>\u00a1Haga clic abajo para comenzar!<\/div><\/div><\/div><\/div>"},"ES-ES":{"QuestionText":"Como l\u00edder, estoy comprometido a ofrecer el mejor entorno para mi equipo y a capacitarlos a todos ustedes. Con esta encuesta puede proporcionarme su opini\u00f3n sobre qu\u00e9 hago bien en la creaci\u00f3n de ese entorno y en qu\u00e9 puedo mejorar.&nbsp;<div><br><\/div><div>Antes de comenzar, unas breves instrucciones. Esta encuesta no le llevar\u00e1 m\u00e1s de 3-5&nbsp;minutos, y ser\u00eda preferible que se reservara un tiempo para realizarla de una vez. Para que su opini\u00f3n sea \u00fatil, debe ser sincero: quiero que se sienta c\u00f3modo dando sus puntos de vista, de modo que todos los datos ser\u00e1n an\u00f3nimos.&nbsp;<div><br><\/div><div>Quiero que sepa que habr\u00e1 dos preguntas abiertas en esta encuesta, as\u00ed que recuerde que no se filtrar\u00e1n sus respuestas a dichas preguntas. Por lo tanto, tenga cuidado y proporcione en su respuesta datos personales o identificables solo si son importantes.&nbsp;<div><br><\/div><div>Estoy deseando escuchar los comentarios del equipo! Gracias de antemano por dar su opini\u00f3n.&nbsp;<div><br><\/div><div>Haga clic a continuaci\u00f3n para comenzar.<\/div><\/div><\/div><\/div>"},"FI":{"QuestionText":"Johtajana olen sitoutunut tarjoamaan parhaan ymp\u00e4rist\u00f6n tiimilleni ja antamaan mahdollisuuden jokaiselle teist\u00e4. T\u00e4m\u00e4 kysely on sinun tilaisuutesi antaa minulle palautetta siit\u00e4, mit\u00e4 teen hyvin ja miss\u00e4 voin tehd\u00e4 parannuksia.&nbsp;<div><br><\/div><div>Ennen aloittamista muutama nopea ohje. T\u00e4m\u00e4n kyselyn pit\u00e4isi kest\u00e4\u00e4 enint\u00e4\u00e4n 3\u20135 minuuttia, ja varaa mieluiten jonkin aikaa suorittaaksesi sen yhdelt\u00e4 istumalta. Jotta t\u00e4m\u00e4 palaute olisi hy\u00f6dyllist\u00e4, sen on oltava rehellist\u00e4 - haluan sinun tuntevan olosi mukavaksi antaessasi n\u00e4kemyksesi, joten kaikki tiedot ovat nimett\u00f6mi\u00e4.&nbsp;<div><br><\/div><div>Tutkimuksessa on kaksi avointa kysymyst\u00e4, joten muista, ett\u00e4 vastauksiasi n\u00e4ihin kysymyksiin ei suodateta. Siksi ole varovainen ja anna henkil\u00f6kohtaisia tai tunnistettavia tietoja vain, jos se on t\u00e4rke\u00e4 vastauksessasi.&nbsp;<div><br><\/div><div>Olen innoissani kuullaksesi tiimin n\u00e4kemykset! Kiitos jo etuk\u00e4teen palautteestasi.&nbsp;<div><br><\/div><div>Napsauta alla aloittaaksesi!<\/div><\/div><\/div><\/div>"},"FR":{"QuestionText":"En tant que manager, je m'engage \u00e0 fournir le meilleur environnement pour mon \u00e9quipe et \u00e0 faciliter le travail de chacun d'entre vous. Cette enqu\u00eate vous permet de me fournir des commentaires sur ce que je fais bien dans la cr\u00e9ation de cet environnement et sur les points \u00e0 am\u00e9liorer.&nbsp;<div><br><\/div><div>Avant de commencer, quelques conseils rapides. Cette enqu\u00eate ne devrait pas vous prendre plus de 3 \u00e0 5 minutes, et je pr\u00e9f\u00e9rerais que vous r\u00e9serviez du temps pour le terminer en une seule s\u00e9ance. Pour que ces commentaires soient utiles, ils doivent \u00eatre honn\u00eates - je veux que vous vous sentiez \u00e0 l'aise de donner votre avis, donc toutes les donn\u00e9es seront anonymes.&nbsp;<div><br><\/div><div>Je veux que vous sachiez qu'il y aura deux questions ouvertes dans cette enqu\u00eate, alors n'oubliez pas que vos r\u00e9ponses \u00e0 ces questions ne seront pas filtr\u00e9es. Par cons\u00e9quent, soyez prudent et ne fournissez des donn\u00e9es personnelles ou identifiables que si elles sont importantes dans votre r\u00e9ponse.&nbsp;<div><br><\/div><div>J'ai h\u00e2te d'entendre le point de vue de l'\u00e9quipe! Merci d'avance pour vos retours.&nbsp;<div><br><\/div><div>Cliquez ci-dessous pour commencer!<\/div><\/div><\/div><\/div>"},"IT":{"QuestionText":"Come leader, mi impegno a fornire il miglior ambiente per il mio team e a rendere responsabile ognuno di voi. Questo sondaggio \u00e8 la tua occasione per fornirmi un feedback su ci\u00f2 che sto facendo bene nel creare un simile ambiente e sui punti in cui posso apportare miglioramenti.&nbsp;<div><br><\/div><div>Prima di iniziare, ecco alcune rapide linee guida. Il completamento di questo sondaggio non dovrebbe richiedere pi\u00f9 di 3-5 minuti e preferirei che dedicassi del tempo per completarlo in una sola seduta. Affinch\u00e9 questo feedback sia utile, deve essere onesto: voglio che tu ti senta a tuo agio nell'esprimere le tue opinioni, quindi tutti i dati saranno anonimi.&nbsp;<div><br><\/div><div>Voglio che tu sappia che in questo sondaggio ci saranno due domande a risposta aperta, quindi ricorda che le tue risposte a quelle domande non saranno filtrate. Pertanto fai attenzione e fornisci i tuoi dati personali o di identificazione solo se sono importanti per la tua risposta.&nbsp;<div><br><\/div><div>Sono entusiasta di ascoltare le opinioni del team! Grazie in anticipo per il tuo feedback.&nbsp;<div><br><\/div><div>Fai clic qui sotto per iniziare!<\/div><\/div><\/div><\/div>"},"JA":{"QuestionText":"\u30ea\u30fc\u30c0\u30fc\u3068\u3057\u3066\u3001\u79c1\u306f\u3001\u90e8\u4e0b\u306e\u30c1\u30fc\u30e0\u306b\u6700\u9069\u306a\u74b0\u5883\u3092\u63d0\u4f9b\u3057\u3001\u4e00\u4eba\u4e00\u4eba\u304c\u80fd\u529b\u3092\u767a\u63ee\u3067\u304d\u308b\u3088\u3046\u5c3d\u529b\u3057\u3066\u3044\u307e\u3059\u3002\u3053\u306e\u30a2\u30f3\u30b1\u30fc\u30c8\u306f\u3001\u79c1\u304c\u305d\u306e\u74b0\u5883\u3092\u4f5c\u308b\u4e0a\u3067\u3046\u307e\u304f\u3084\u3063\u3066\u3044\u308b\u3053\u3068\u3001\u307e\u305f\u3001\u6539\u5584\u3059\u3079\u304d\u70b9\u306f\u3069\u3053\u304b\u306b\u3064\u3044\u3066\u3001\u610f\u898b\u3092\u8ff0\u3079\u308b\u7d76\u597d\u306e\u6a5f\u4f1a\u3067\u3059\u3002<div><br><\/div><div>\u59cb\u3081\u308b\u524d\u306b\u3001\u3044\u304f\u3064\u304b\u306e\u7c21\u5358\u306a\u30ac\u30a4\u30c9\u30e9\u30a4\u30f3\u3092\u793a\u3057\u3066\u304a\u304d\u307e\u3059\u3002\u3053\u306e\u30a2\u30f3\u30b1\u30fc\u30c8\u306e\u6240\u8981\u6642\u9593\u306f3\u301c5\u5206\u307b\u3069\u3067\u3059\u30021\u56de\u3067\u5b8c\u4e86\u3067\u304d\u308b\u3088\u3046\u306b\u5341\u5206\u306a\u6642\u9593\u3092\u78ba\u4fdd\u3057\u3066\u304a\u304f\u3088\u3046\u304a\u52e7\u3081\u3057\u307e\u3059\u3002\u3053\u306e\u30d5\u30a3\u30fc\u30c9\u30d0\u30c3\u30af\u3092\u6709\u76ca\u306a\u3082\u306e\u3068\u3059\u308b\u306b\u306f\u3001\u6b63\u76f4\u306b\u56de\u7b54\u3059\u308b\u5fc5\u8981\u304c\u3042\u308a\u307e\u3059\u3002\u5b89\u5fc3\u3057\u3066\u7387\u76f4\u306a\u3054\u610f\u898b\u3092\u304a\u5bc4\u305b\u3067\u304d\u308b\u3088\u3046\u3001\u3059\u3079\u3066\u306e\u30c7\u30fc\u30bf\u304c\u533f\u540d\u306b\u306a\u3063\u3066\u3044\u307e\u3059\u3002<\/div><div><br><\/div><div>\u3053\u306e\u30a2\u30f3\u30b1\u30fc\u30c8\u306b\u306f\u81ea\u7531\u56de\u7b54\u5f62\u5f0f\u306e\u8cea\u554f\u304c2\u3064\u3042\u308a\u307e\u3059\u304c\u3001\u3053\u308c\u3089\u306e\u8cea\u554f\u306b\u5bfe\u3059\u308b\u56de\u7b54\u306f\u30d5\u30a3\u30eb\u30bf\u30ea\u30f3\u30b0\u3055\u308c\u306a\u3044\u3053\u3068\u306b\u3054\u6ce8\u610f\u304f\u3060\u3055\u3044\u3002\u3057\u305f\u304c\u3063\u3066\u3001\u56de\u7b54\u306b\u3068\u3063\u3066\u91cd\u8981\u306a\u5834\u5408\u306b\u306e\u307f\u3001\u614e\u91cd\u306b\u500b\u4eba\u60c5\u5831\u3084\u8b58\u5225\u53ef\u80fd\u306a\u30c7\u30fc\u30bf\u3092\u8a18\u5165\u3057\u3066\u304f\u3060\u3055\u3044\u3002<\/div><div><br><\/div><div>\u30c1\u30fc\u30e0\u306e\u7686\u3055\u3093\u304b\u3089\u306e\u3054\u610f\u898b\u3092\u697d\u3057\u307f\u306b\u3057\u3066\u3044\u307e\u3059\uff01\u30d5\u30a3\u30fc\u30c9\u30d0\u30c3\u30af\u3092\u3088\u308d\u3057\u304f\u304a\u9858\u3044\u3057\u307e\u3059\u3002<\/div><div><br><\/div><div>\u958b\u59cb\u3059\u308b\u306b\u306f\u3001\u4e0b\u3092\u30af\u30ea\u30c3\u30af\u3057\u3066\u304f\u3060\u3055\u3044\uff01<\/div>"},"KO":{"QuestionText":"\ub9ac\ub354\ub85c\uc11c \uc800\ub294 \ud300\uc5d0 \ucd5c\uc0c1\uc758 \ud658\uacbd\uc744 \uc81c\uacf5\ud558\uace0 \uac01\uc790\ub97c \uac00\ub2a5\ud558\uac8c\ud558\uae30 \uc704\ud574 \ub178\ub825\ud558\uace0 \uc788\uc2b5\ub2c8\ub2e4. \uc774 \uc124\ubb38 \uc870\uc0ac\ub97c \ud1b5\ud574 \ud574\ub2f9 \ud658\uacbd\uc744 \ub9cc\ub4dc\ub294 \ub370 \uc798 \uc218\ud589\ud558\uace0 \uc788\ub294 \ubd80\ubd84\uacfc \uac1c\uc120\ud560 \uc218 \uc788\ub294 \ubd80\ubd84\uc5d0 \ub300\ud55c \ud53c\ub4dc\ubc31\uc744 \uc81c\uacf5\ud560 \uc218 \uc788\uc2b5\ub2c8\ub2e4.&nbsp;<div><br><\/div><div>\uc2dc\uc791\ud558\uae30 \uc804\uc5d0 \uba87 \uac00\uc9c0 \uac04\ub2e8\ud55c \uc9c0\uce68\uc774 \uc788\uc2b5\ub2c8\ub2e4. \uc774 \uc124\ubb38 \uc870\uc0ac\ub294 \uc644\ub8cc\ud558\ub294 \ub370 3-5 \ubd84 \uc774\uc0c1 \uac78\ub9ac\uc9c0 \uc54a\uc73c\uba70, \ud55c \ubc88\uc5d0 \uc644\ub8cc\ud560 \uc2dc\uac04\uc744 \ub530\ub85c \uc124\uc815\ud558\uc2dc\uae30 \ubc14\ub78d\ub2c8\ub2e4. \uc774 \ud53c\ub4dc\ubc31\uc744 \uc720\uc6a9\ud558\uac8c \uc0ac\uc6a9\ud558\ub824\uba74 \uc815\uc9c1\ud574\uc57c \ud569\ub2c8\ub2e4. \uacac\ud574\ub97c \ub098\ud0c0\ub0b4\ub294 \ub370 \ud3b8\ud558\uac8c \ub290\uaf08\uc73c\uba74 \uc88b\uaca0\uc2b5\ub2c8\ub2e4. \ubaa8\ub4e0 \ub370\uc774\ud130\uac00 \uc775\uba85\uc73c\ub85c \ucc98\ub9ac\ub429\ub2c8\ub2e4.&nbsp;<div><br><\/div><div>\uc774 \uc124\ubb38 \uc870\uc0ac\uc5d0\ub294 \ub450 \uac1c\uc758 \uac1c\ubc29\ud615 \uc9c8\ubb38\uc774 \uc788\uc744 \uac83\uc774\ubbc0\ub85c \uc774\ub7ec\ud55c \uc9c8\ubb38\uc5d0 \ub300\ud55c \ub2f5\ubcc0\uc740 \ud544\ud130\ub9c1\ub418\uc9c0 \uc54a\uc2b5\ub2c8\ub2e4. \ub530\ub77c\uc11c \uadc0\ud558\uc758 \ub2f5\ubcc0\uc5d0 \uc911\uc694\ud55c \uacbd\uc6b0\uc5d0\ub9cc \uac1c\uc778 \uc815\ubcf4 \ub610\ub294 \uc2dd\ubcc4 \uac00\ub2a5\ud55c \ub370\uc774\ud130\ub97c \uc81c\uacf5\ud558\uc2ed\uc2dc\uc624.&nbsp;<div><br><\/div><div>\ud300\uc758 \uc758\uacac\uc744 \ub4e3\uac8c \ub418\uc5b4 \uae30\uc069\ub2c8\ub2e4! \uc758\uacac\uc744 \ubcf4\ub0b4 \uc8fc\uc154\uc11c \uac10\uc0ac\ud569\ub2c8\ub2e4.&nbsp;<div><br><\/div><div>\uc2dc\uc791\ud558\ub824\uba74 \uc544\ub798\ub97c \ud074\ub9ad\ud558\uc2ed\uc2dc\uc624!<\/div><\/div><\/div><\/div>"},"NL":{"QuestionText":"Als leider zet ik mij in om de beste omgeving voor mijn team te bieden en iedereen in staat te stellen zijn of haar werk te doen. Deze enqu\u00eate is uw kans om mij feedback te geven over wat ik hierbij goed doe en waar ruimte is voor verbetering.&nbsp;<div><br><\/div><div>Enkele snelle richtlijnen voor u begint. Het invullen van deze enqu\u00eate zou niet meer dan 3-5 minuten in beslag moeten nemen en bij voorkeur maakt u tijd vrij om dit in \u00e9\u00e9n keer te doen. Feedback is alleen nuttig als deze eerlijk is: ik wil dat u uw mening zonder zorgen kunt geven, dus alle gegevens zijn anoniem.&nbsp;<div><br><\/div><div>Weet dat er in deze enqu\u00eate twee open vragen zullen zijn en dat uw antwoorden op deze vragen niet worden gefilterd. Wees daarom voorzichtig en verstrek alleen persoonlijke of identificeerbare gegevens als dit belangrijk is in uw reactie.&nbsp;<div><br><\/div><div>Ik ben benieuwd naar de meningen van het team! Bij voorbaat dank voor uw feedback.&nbsp;<div><br><\/div><div>Klik hieronder om te beginnen.<\/div><\/div><\/div><\/div>"},"PT":{"QuestionText":"Como l\u00edder, estou empenhado em proporcionar o melhor ambiente \u00e0 minha equipa e capacitar cada um de voc\u00eas. Este inqu\u00e9rito \u00e9 a sua oportunidade de me dar algum feedback sobre o que estou a fazer bem na cria\u00e7\u00e3o desse ambiente e onde posso fazer melhorias.&nbsp;<div><br><\/div><div>Antes de come\u00e7ar, algumas orienta\u00e7\u00f5es r\u00e1pidas. N\u00e3o deve demorar mais do que 3-5 minutos a concluir este inqu\u00e9rito, e prefiro que dedique algum tempo a conclu\u00ed-lo de uma s\u00f3 vez. Para que esse feedback seja \u00fatil, \u00e9 preciso ser honesto. Quero que se sinta \u00e0 vontade para dar a sua opini\u00e3o e, portanto, todos os dados ser\u00e3o an\u00f3nimos.&nbsp;<\/div><div><br><\/div><div>Quero que esteja ciente de que haver\u00e1 duas perguntas abertas neste inqu\u00e9rito. Lembre-se de que as suas respostas a essas perguntas n\u00e3o ser\u00e3o filtradas. Portanto, seja cauteloso e forne\u00e7a dados pessoais ou identific\u00e1veis apenas se forem importantes na sua resposta.&nbsp;<div><div><br><\/div><div>Estou animado em ouvir as opini\u00f5es da equipa! Agrade\u00e7o antecipadamente o seu feedback.&nbsp;<div><br><\/div><div>Clique abaixo para come\u00e7ar!<\/div><\/div><\/div><\/div>"},"PT-BR":{"QuestionText":"Como l\u00edder, tenho o compromisso de fornecer o melhor ambiente para minha equipe e capacitar cada um de voc\u00eas. Esta pesquisa \u00e9 sua chance de fornecer um feedback sobre o que estou fazendo bem na cria\u00e7\u00e3o desse ambiente e onde posso fazer melhorias.&nbsp;<div><br><\/div><div>Antes de come\u00e7ar, algumas orienta\u00e7\u00f5es r\u00e1pidas. Esta pesquisa n\u00e3o deve demorar mais que 3-5 minutos para ser conclu\u00edda, e eu prefiro que reserve um tempo para conclu\u00ed-la de uma s\u00f3 vez. Para que esse feedback seja \u00fatil, \u00e9 preciso ser honesto. Quero que voc\u00ea se sinta \u00e0 vontade para dar suas opini\u00f5es, para que todos os dados sejam an\u00f4nimos.&nbsp;<div><br><\/div><div>Quero que voc\u00ea esteja ciente de que haver\u00e1 duas perguntas em aberto nesta pesquisa. Lembre-se de que suas respostas a essas perguntas n\u00e3o ser\u00e3o filtradas. Portanto, seja cauteloso e forne\u00e7a dados pessoais ou identific\u00e1veis apenas se forem importantes em sua resposta.&nbsp;<div><br><\/div><div>Estou animado para ouvir as opini\u00f5es da equipe! Agradecemos antecipadamente seu feedback.&nbsp;<div><br><\/div><div>Clique abaixo para come\u00e7ar!<\/div><\/div><\/div><\/div>"},"ZH-S":{"QuestionText":"\u4f5c\u4e3a\u9886\u5bfc\u4eba\uff0c\u6211\u81f4\u529b\u4e8e\u4e3a\u6211\u7684\u56e2\u961f\u63d0\u4f9b\u6700\u597d\u7684\u73af\u5883\uff0c\u5e76\u4e3a\u4f60\u4eec\u6bcf\u4e00\u4e2a\u4eba\u63d0\u4f9b\u652f\u6301\u3002\u4f60\u4eec\u53ef\u4ee5\u5229\u7528\u6b64\u6b21\u8c03\u67e5\u5411\u6211\u63d0\u4f9b\u53cd\u9988\u610f\u89c1\uff0c\u5e2e\u52a9\u6211\u4e86\u89e3\u6211\u5728\u8425\u9020\u8be5\u73af\u5883\u65f6\u505a\u5f97\u597d\u7684\u5730\u65b9\uff0c\u4ee5\u53ca\u6709\u5f85\u6539\u8fdb\u7684\u5730\u65b9\u3002<div><br><\/div><div>\u5f00\u59cb\u4e4b\u524d\uff0c\u8bf7\u7559\u610f\u51e0\u6761\u7b80\u5355\u7684\u51c6\u5219\u3002\u8fd9\u9879\u8c03\u67e5\u6700\u591a\u53ea\u9700\u8981 3-5 \u5206\u949f\u5373\u53ef\u5b8c\u6210\uff0c\u6211\u5efa\u8bae\u60a8\u62bd\u51fa\u65f6\u95f4\u4e00\u6b21\u6027\u5b8c\u6210\u3002\u4e3a\u4e86\u4fdd\u8bc1\u6b64\u53cd\u9988\u610f\u89c1\u6709\u7528\uff0c\u8bf7\u52a1\u5fc5\u8bda\u5b9e\u56de\u7b54\u3002\u6211\u5e0c\u671b\u5927\u5bb6\u80fd\u5766\u7136\u5730\u53d1\u8868\u81ea\u5df1\u7684\u770b\u6cd5\uff0c\u56e0\u6b64\u6240\u6709\u6570\u636e\u90fd\u5c06\u4fdd\u6301\u533f\u540d\u3002<div><br><\/div><div>\u6211\u60f3\u63d0\u9192\u5927\u5bb6\uff0c\u6b64\u8c03\u67e5\u4e2d\u6709\u4e24\u4e2a\u5f00\u653e\u5f0f\u95ee\u9898\uff0c\u8bf7\u8bb0\u4f4f\uff0c\u6211\u4eec\u4e0d\u4f1a\u5bf9\u8fd9\u4e9b\u95ee\u9898\u7684\u56de\u7b54\u8fdb\u884c\u7b5b\u9009\u3002\u56e0\u6b64\uff0c\u8bf7\u8c28\u614e\u8003\u8651\uff0c\u5e76\u4e14\u4ec5\u5728\u5fc5\u8981\u65f6\u518d\u5728\u56de\u7b54\u4e2d\u63d0\u4f9b\u4e2a\u4eba\u6570\u636e\u6216\u53ef\u8bc6\u522b\u8eab\u4efd\u7684\u6570\u636e\u3002<div><br><\/div><div>\u6211\u5f88\u9ad8\u5174\u542c\u53d6\u56e2\u961f\u7684\u53cd\u9988\u610f\u89c1\uff01\u9884\u5148\u611f\u8c22\u5927\u5bb6\u7684\u53cd\u9988\u3002<div><br><\/div><div>\u8bf7\u70b9\u51fb\u4e0b\u9762\u5f00\u59cb\uff01<\/div><\/div><\/div><\/div>"},"ZH-T":{"QuestionText":"\u4f5c\u70ba\u9818\u5c0e\u8005\uff0c\u6211\u81f4\u529b\u65bc\u70ba\u5718\u968a\u63d0\u4f9b\u6700\u512a\u7684\u74b0\u5883\uff0c\u8b93\u5718\u968a\u4e2d\u7684\u6bcf\u500b\u4eba\u90fd\u767c\u63ee\u4f5c\u7528\u3002\u85c9\u7531\u6b64\u8abf\u67e5\uff0c\u60a8\u5c07\u6709\u6a5f\u6703\u91dd\u5c0d\u6211\u5011\u5728\u5efa\u7acb\u8a72\u74b0\u5883\u7684\u904e\u7a0b\u4e2d\u8868\u73fe\u826f\u597d\u7684\u74b0\u7bc0\u4ee5\u53ca\u53ef\u4ee5\u6539\u9032\u7684\u74b0\u7bc0\u5411\u6211\u63d0\u4f9b\u4e00\u4e9b\u610f\u898b\u53cd\u994b\u3002<div><br><\/div><div>\u5728\u60a8\u958b\u59cb\u4e4b\u524d\uff0c\u8acb\u77ad\u89e3\u4e00\u4e9b\u5feb\u901f\u6307\u5c0e\u539f\u5247\u3002\u5b8c\u6210\u6b64\u8abf\u67e5\u4e0d\u6703\u8d85\u904e 3-5 \u5206\u9418\uff0c\u6211\u66f4\u5e0c\u671b\u60a8\u80fd\u62bd\u51fa\u4e00\u9ede\u6642\u9593\u4e00\u6b21\u6027\u5b8c\u6210\u3002\u6b64\u610f\u898b\u53cd\u994b\u82e5\u8981\u6709\u6240\u52a9\u76ca\uff0c\u5fc5\u9808\u8aa0\u5be6\u5766\u7387\uff0c\u5e0c\u671b\u60a8\u5728\u63d0\u4f9b\u81ea\u5df1\u7684\u60f3\u6cd5\u6642\u8f15\u9b06\u81ea\u5728\uff0c\u56e0\u6b64\u6240\u6709\u8cc7\u6599\u90fd\u662f\u533f\u540d\u7684\u3002<div><br><\/div><div>\u5e0c\u671b\u60a8\u6ce8\u610f\uff0c\u6b64\u8abf\u67e5\u4e2d\u5c07\u6709\u5169\u500b\u958b\u653e\u5f0f\u554f\u984c\uff0c\u8acb\u8a18\u4f4f\u4e0d\u6703\u7be9\u9078\u60a8\u5c0d\u9019\u4e9b\u554f\u984c\u7684\u56de\u61c9\u3002\u56e0\u6b64\uff0c\u8acb\u8b39\u614e\u5c0d\u5f85\uff0c\u53ea\u6709\u5728\u500b\u4eba\u8cc7\u6599\u6216\u6642\u5019\u53ef\u8b58\u5225\u8cc7\u6599\u5728\u60a8\u7684\u56de\u61c9\u4e2d\u5f88\u91cd\u8981\u6642\u624d\u63d0\u4f9b\u9019\u4e9b\u8cc7\u6599\u3002<div><br><\/div><div>\u6211\u5f88\u9ad8\u8208\u807d\u5230\u5718\u968a\u7684\u60f3\u6cd5\uff01\u5728\u6b64\u5148\u611f\u8b1d\u60a8\u63d0\u4f9b\u610f\u898b\u53cd\u994b\u3002<div><br><\/div><div>\u5728\u4e0b\u65b9\u6309\u4e00\u4e0b\u4ee5\u958b\u59cb\uff01<\/div><\/div><\/div><\/div>"}},"NextChoiceId":4,"NextAnswerId":1,"SearchSource":{"AllowFreeResponse":"false"}}},{"SurveyID":"SV_07jXmofapKrAyEK","Element":"STAT","PrimaryAttribute":"Survey Statistics","SecondaryAttribute":null,"TertiaryAttribute":null,"Payload":{"ID":"Survey Statistics","MobileCompatible":false}}]}